// !$*UTF8*$!
{
	archiveVersion = 1;
	classes = {
	};
	objectVersion = 77;
	objects = {

/* Begin PBXBuildFile section */
		05E5BFCE4048D77AED936ADA /* TranscriptRecord.swift in Sources */ = {isa = PBXBuildFile; fileRef = 00DB535FD420E969C6AE424C /* TranscriptRecord.swift */; };
		0627519F0831E811DD2B2CC7 /* ShareViewController.swift in Sources */ = {isa = PBXBuildFile; fileRef = 8A88C5488798C0EBBF2DC392 /* ShareViewController.swift */; };
		07C0BE46F639764371503D96 /* QueuedAudioStore.swift in Sources */ = {isa = PBXBuildFile; fileRef = C11AE725B3ADE0516C84B25F /* QueuedAudioStore.swift */; };
		07CCA9F81D7197AA5DDA56FD /* AppleSpeechEngine.swift in Sources */ = {isa = PBXBuildFile; fileRef = 0F16B79777254F400F0A0684 /* AppleSpeechEngine.swift */; };
		07F42114DE32911BB7DAEE37 /* RecapCardView.swift in Sources */ = {isa = PBXBuildFile; fileRef = 685C7EA9A97913A43B8CF15D /* RecapCardView.swift */; };
		081FA5C1D34A98F5283614F9 /* KeyboardViewController.swift in Sources */ = {isa = PBXBuildFile; fileRef = 786B1AE80A62F3B8718B36D4 /* KeyboardViewController.swift */; };
		09F4684AAA12F2FBAFB8DAD5 /* TranscriptHistoryStore.swift in Sources */ = {isa = PBXBuildFile; fileRef = D5649734D540433B6C860832 /* TranscriptHistoryStore.swift */; };
		0BB002587B4667A395F887CF /* NetworkGuard.swift in Sources */ = {isa = PBXBuildFile; fileRef = D2DF086A59984159DC095240 /* NetworkGuard.swift */; };
		0D7637319CBB617062508FA6 /* TranscriptStageView.swift in Sources */ = {isa = PBXBuildFile; fileRef = EF72D22409E77372A71277E1 /* TranscriptStageView.swift */; };
		0E4B77221AD7F3E263122A21 /* DarwinNotifier.swift in Sources */ = {isa = PBXBuildFile; fileRef = C92AC93BA661C8358A14C9E6 /* DarwinNotifier.swift */; };
		0EB9CBD54D1AF6CAF867563D /* FlowBridgeApp.swift in Sources */ = {isa = PBXBuildFile; fileRef = 1D3BEA99E7DB4AE0BE1A7340 /* FlowBridgeApp.swift */; };
		149F7D31E87FFAC860C6D73A /* FlowBridgeWidgetsBundle.swift in Sources */ = {isa = PBXBuildFile; fileRef = 8C3376497876B786552C9DAF /* FlowBridgeWidgetsBundle.swift */; };
		18E35542607A9D79EFEF45DB /* LiveTranscriptView.swift in Sources */ = {isa = PBXBuildFile; fileRef = 1F31CBD5CEB730A68D9A4CA4 /* LiveTranscriptView.swift */; };
		221F2651F56146C26642D27D /* AudioFileDurationReader.swift in Sources */ = {isa = PBXBuildFile; fileRef = 675BDFD16C278E4C6834CE04 /* AudioFileDurationReader.swift */; };
		23C517C51D5E249DD8879ADF /* HapticPlayer.swift in Sources */ = {isa = PBXBuildFile; fileRef = D9FF73C8B5B764406DF50EF0 /* HapticPlayer.swift */; };
		2C28275EA977E840147E0392 /* FlowBridgeKeyboard.appex in Embed Foundation Extensions */ = {isa = PBXBuildFile; fileRef = 748711B42A512CA9A05AA1AC /* FlowBridgeKeyboard.appex */; settings = {ATTRIBUTES = (RemoveHeadersOnCopy, ); }; };
		2C47274F120E8031AF924D0F /* FlowBridgeConstants.swift in Sources */ = {isa = PBXBuildFile; fileRef = CA149C0EF32FD199CF8FE8DD /* FlowBridgeConstants.swift */; };
		2CF22AC13D3C771DBEC0BCAA /* DictationIntents.swift in Sources */ = {isa = PBXBuildFile; fileRef = A0C88713ACFE8BA339690319 /* DictationIntents.swift */; };
		34065D46BBC44137BFCBD942 /* WERCalculatorTests.swift in Sources */ = {isa = PBXBuildFile; fileRef = 95F186F837B8831BF35BA77F /* WERCalculatorTests.swift */; };
		36AB58AA4130E1B3AEBC991A /* WhisperModelLocator.swift in Sources */ = {isa = PBXBuildFile; fileRef = 3D927B49FC7B55FC363961DF /* WhisperModelLocator.swift */; };
		3763C30C3921BE3890693064 /* VoiceCommandProcessorTests.swift in Sources */ = {isa = PBXBuildFile; fileRef = 9DA2B4042EE3EE3978B32A3B /* VoiceCommandProcessorTests.swift */; };
		3A11F241FD8BFDFD8A3222E9 /* FlowBridgeShared.framework in Frameworks */ = {isa = PBXBuildFile; fileRef = 58C58B58F6E6B43E5BA3F25F /* FlowBridgeShared.framework */; };
		3E0E8C586E1E6C34612D7F2D /* FlowBridgeShared.framework in Frameworks */ = {isa = PBXBuildFile; fileRef = 58C58B58F6E6B43E5BA3F25F /* FlowBridgeShared.framework */; };
		42D4D29B20554986478BE9E8 /* StatsView.swift in Sources */ = {isa = PBXBuildFile; fileRef = A025FB42F6B3C047EDA531F9 /* StatsView.swift */; };
		43EB0A4CFD7AF3BF23EF18C0 /* ContentView.swift in Sources */ = {isa = PBXBuildFile; fileRef = 399A0AEAA06EC3C5FC0410F2 /* ContentView.swift */; };
		448DA9F4C7777DF83979FBDA /* DictationTextNormalizerTests.swift in Sources */ = {isa = PBXBuildFile; fileRef = B54A746A43497CB353DB7071 /* DictationTextNormalizerTests.swift */; };
		453C7BBD98950403E6B7C650 /* VocabularySuggester.swift in Sources */ = {isa = PBXBuildFile; fileRef = F6CA36551C2FA87C8C597EF1 /* VocabularySuggester.swift */; };
		48028981C23CD471395406A3 /* FlowWaveShape.swift in Sources */ = {isa = PBXBuildFile; fileRef = DDABF6EFF85E608C7C90CA6F /* FlowWaveShape.swift */; };
		482D55BADF4D2AF74392511B /* TranscriptHistoryStoreTests.swift in Sources */ = {isa = PBXBuildFile; fileRef = 678D04AE880D789EFCD73955 /* TranscriptHistoryStoreTests.swift */; };
		49EBD2B635C75D1F5C62F833 /* FlowBridgeShared.framework in Embed Frameworks */ = {isa = PBXBuildFile; fileRef = 58C58B58F6E6B43E5BA3F25F /* FlowBridgeShared.framework */; settings = {ATTRIBUTES = (CodeSignOnCopy, RemoveHeadersOnCopy, ); }; };
		4AB4F08AC8930C07253DD6D5 /* VocabularyAndStatsTests.swift in Sources */ = {isa = PBXBuildFile; fileRef = AA2E470CC9E4CDE3B97DC829 /* VocabularyAndStatsTests.swift */; };
		505177C4735D9AEF193C3D4E /* HapticEngineController.swift in Sources */ = {isa = PBXBuildFile; fileRef = 5536AE9A59BEE1893922545A /* HapticEngineController.swift */; };
		52C34B7F588061303A75F48D /* FlowBridgeCoordinator.swift in Sources */ = {isa = PBXBuildFile; fileRef = 64715A622B6B8DB9C2621BE5 /* FlowBridgeCoordinator.swift */; };
		588B2660A8DB1D2B3FA73835 /* VoiceCommandProcessor.swift in Sources */ = {isa = PBXBuildFile; fileRef = AE98420A07E6315C0192BA66 /* VoiceCommandProcessor.swift */; };
		63980C454E8084B5691C433C /* FlowBridgeHomeWidget.swift in Sources */ = {isa = PBXBuildFile; fileRef = F66E0DAC1051FC60CF651C98 /* FlowBridgeHomeWidget.swift */; };
		651103041D4F142E353CC2D3 /* WaveformBarsView.swift in Sources */ = {isa = PBXBuildFile; fileRef = E544C636FFC31B0B111A9306 /* WaveformBarsView.swift */; };
		697E740D4747EF049178D365 /* CloudGate.swift in Sources */ = {isa = PBXBuildFile; fileRef = 5578CABA44085834319AB537 /* CloudGate.swift */; };
		6DA5842AAD949471242CFE7D /* OnboardingView.swift in Sources */ = {isa = PBXBuildFile; fileRef = 75585582B711A04DA59F231A /* OnboardingView.swift */; };
		71BDE4A6933C0A7B6D22EE02 /* PendingCommandStoreTests.swift in Sources */ = {isa = PBXBuildFile; fileRef = 1CD98E41DD5DE1B773A30C7B /* PendingCommandStoreTests.swift */; };
		746430C46F885BB1099C6AA8 /* DictationLiveActivity.swift in Sources */ = {isa = PBXBuildFile; fileRef = BDC8F35F4BEF7779523B7323 /* DictationLiveActivity.swift */; };
		75D6BB2C2467815993B835AF /* DiagnosticsLog.swift in Sources */ = {isa = PBXBuildFile; fileRef = CDEF7A44AA8ADA27232838B5 /* DiagnosticsLog.swift */; };
		7AE15868C09DEC446AA8F018 /* LiveTranscriptStore.swift in Sources */ = {isa = PBXBuildFile; fileRef = A92346DD44793FF6133012EB /* LiveTranscriptStore.swift */; };
		7B56073779F0ABDD0765080E /* DictationCommandHub.swift in Sources */ = {isa = PBXBuildFile; fileRef = EA7CF10ABEEB3E9B75ACA0CF /* DictationCommandHub.swift */; };
		7BD984A8937758C635E0C8D9 /* HistoryView.swift in Sources */ = {isa = PBXBuildFile; fileRef = E9101AD4F00FA60371792FE4 /* HistoryView.swift */; };
		7C00E195506912F47299B5AB /* TranscriptionEngine.swift in Sources */ = {isa = PBXBuildFile; fileRef = 32068DC9B1FC3C829B281FF0 /* TranscriptionEngine.swift */; };
		86A4485F46CF9543559106BA /* PrivacyCockpitView.swift in Sources */ = {isa = PBXBuildFile; fileRef = 89F1FBE7C9C0FDA311E4F3F7 /* PrivacyCockpitView.swift */; };
		87363ED49F397D22F9E0E1B7 /* FlowBridgeShared.framework in Frameworks */ = {isa = PBXBuildFile; fileRef = 58C58B58F6E6B43E5BA3F25F /* FlowBridgeShared.framework */; };
		87C366F1665DC1C1DDE5F2C0 /* FlowBridgeWidgets.appex in Embed Foundation Extensions */ = {isa = PBXBuildFile; fileRef = 0A8C4B90E768974917B97D9E /* FlowBridgeWidgets.appex */; settings = {ATTRIBUTES = (RemoveHeadersOnCopy, ); }; };
		8FC10AE539C765251A26314C /* DictationTextNormalizer.swift in Sources */ = {isa = PBXBuildFile; fileRef = FCF98DF41D148D8A7BFDD142 /* DictationTextNormalizer.swift */; };
		90E6C2BB567DF4A4228E3A2E /* TranscriptStoreTests.swift in Sources */ = {isa = PBXBuildFile; fileRef = 2CCF23ED7E9492A89A378F07 /* TranscriptStoreTests.swift */; };
		917C2F64D051D80B548FA66B /* Benchmark in Resources */ = {isa = PBXBuildFile; fileRef = 74D2726B6533203B057035C1 /* Benchmark */; };
		924A33B98416C97AF2CDDDEE /* WhisperEngine.swift in Sources */ = {isa = PBXBuildFile; fileRef = 896D5D4E8D80D707EE776D26 /* WhisperEngine.swift */; };
		93FE8D73A17602DB35A7B2EB /* VocabularyStore.swift in Sources */ = {isa = PBXBuildFile; fileRef = 35BFDA56276DAF70D933630E /* VocabularyStore.swift */; };
		95BE94A5859002168A2BA040 /* PendingCommandStore.swift in Sources */ = {isa = PBXBuildFile; fileRef = 1486D85A361FEE64331127F6 /* PendingCommandStore.swift */; };
		964C871B86048558F7493799 /* Assets.xcassets in Resources */ = {isa = PBXBuildFile; fileRef = CA28D67D7AAD8D180672A391 /* Assets.xcassets */; };
		999BACAB4D05BE04FD9C1B22 /* FlowMotion.swift in Sources */ = {isa = PBXBuildFile; fileRef = 1C4CDE7D918A097299B69DA8 /* FlowMotion.swift */; };
		9AABBC088A4A9ACDBDD1F76D /* DictationControlWidget.swift in Sources */ = {isa = PBXBuildFile; fileRef = 0208D6D8D2F2AA7BB27FB4B8 /* DictationControlWidget.swift */; };
		A4A02AACCB81EE23CC7B56E5 /* AudioSafetyBuffer.swift in Sources */ = {isa = PBXBuildFile; fileRef = D9FCB7173B4C2474162C05C6 /* AudioSafetyBuffer.swift */; };
		A691EAAEA84F3163C5AB37DC /* FlowBridgeShared.framework in Frameworks */ = {isa = PBXBuildFile; fileRef = 58C58B58F6E6B43E5BA3F25F /* FlowBridgeShared.framework */; };
		AD0A1B871C7F946EAB86F205 /* FlowBridgeTheme.swift in Sources */ = {isa = PBXBuildFile; fileRef = 7139AC499C7615B48FFB09BC /* FlowBridgeTheme.swift */; };
		ADD0AE1EB217B3651350548F /* FlowBridgeRecorder.swift in Sources */ = {isa = PBXBuildFile; fileRef = 6E15070C9DE4DA14187206E9 /* FlowBridgeRecorder.swift */; };
		AFBFD21CFF2D7FA6C103754C /* DictationActivityController.swift in Sources */ = {isa = PBXBuildFile; fileRef = 253FCE496170F7FC75566588 /* DictationActivityController.swift */; };
		B0417E4A75F0C23C84C86D39 /* AudioSafetyBufferTests.swift in Sources */ = {isa = PBXBuildFile; fileRef = 46153FC5A6417E9EEDBBDCE1 /* AudioSafetyBufferTests.swift */; };
		B19CC0FAC0ECE4703984AB78 /* FlowBridgeShareExtension.appex in Embed Foundation Extensions */ = {isa = PBXBuildFile; fileRef = D412B4D4FD9766E9DF8D3D32 /* FlowBridgeShareExtension.appex */; settings = {ATTRIBUTES = (RemoveHeadersOnCopy, ); }; };
		B3DF39D25753CD138A2910A6 /* RoomBackground.swift in Sources */ = {isa = PBXBuildFile; fileRef = 75B1B5E9C9C34E931CE15D33 /* RoomBackground.swift */; };
		BA21DA869BB6148743AFAF67 /* FlowBridgeShared.framework in Frameworks */ = {isa = PBXBuildFile; fileRef = 58C58B58F6E6B43E5BA3F25F /* FlowBridgeShared.framework */; };
		BA4B572DAC67E0A46383D35A /* TranscriptStore.swift in Sources */ = {isa = PBXBuildFile; fileRef = 048BFA8FD28603AE6F27DE18 /* TranscriptStore.swift */; };
		BAF4CF35D1494B8C92F1DCCD /* ToggleDictationIntent.swift in Sources */ = {isa = PBXBuildFile; fileRef = 95A1A56F4B31CBD5EF94C4DE /* ToggleDictationIntent.swift */; };
		BBAB4B0787DD7582E009DEB8 /* OrbView.swift in Sources */ = {isa = PBXBuildFile; fileRef = 6F07CAAEC61878D1E73D4054 /* OrbView.swift */; };
		BCABA4B3C0EED74B8E1B0806 /* SharedContainer.swift in Sources */ = {isa = PBXBuildFile; fileRef = 0A094609470340B331D09D78 /* SharedContainer.swift */; };
		BD9AD1178F3B6F47A9EAA812 /* FlowBridgeError.swift in Sources */ = {isa = PBXBuildFile; fileRef = 9A4096FE560985EB14367364 /* FlowBridgeError.swift */; };
		C7A96D647040FAD699DA5C34 /* RecordingFeedbackDriver.swift in Sources */ = {isa = PBXBuildFile; fileRef = A5EEBC5DCACAA8088B28DC4C /* RecordingFeedbackDriver.swift */; };
		C877340C9AA50852CB5E2124 /* WhisperKit in Frameworks */ = {isa = PBXBuildFile; productRef = 8E6AB7B92651395A03A424E8 /* WhisperKit */; };
		C95F48E9A8AB9B09DED25164 /* WERCalculator.swift in Sources */ = {isa = PBXBuildFile; fileRef = 2EE405009081B88E3B1B62B7 /* WERCalculator.swift */; };
		CAA70CD3D9D85281B59B58D9 /* DictationIntents.swift in Sources */ = {isa = PBXBuildFile; fileRef = A0C88713ACFE8BA339690319 /* DictationIntents.swift */; };
		CCB6AF304FE2CCCA8E254A58 /* DictationDailyStatsTests.swift in Sources */ = {isa = PBXBuildFile; fileRef = C90A9C39F8202AA4D8D87D6E /* DictationDailyStatsTests.swift */; };
		CCF4E472E4936758B80327BC /* BenchmarkHarness.swift in Sources */ = {isa = PBXBuildFile; fileRef = 9F56E15E64B23E97B7E6C2AB /* BenchmarkHarness.swift */; };
		CD2D4B9FEE7752AB9D0DE2EF /* SettingsView.swift in Sources */ = {isa = PBXBuildFile; fileRef = CBD6075A9DD9A8E21AD88055 /* SettingsView.swift */; };
		CD9AC5643DEF7BB49E44504D /* CloudScribeRealtimeEngine.swift in Sources */ = {isa = PBXBuildFile; fileRef = 71D4860BCEF16B814FB4613E /* CloudScribeRealtimeEngine.swift */; };
		D5AD821FDA3ACC7143536FA4 /* ToneContext.swift in Sources */ = {isa = PBXBuildFile; fileRef = B0E3E8A0E339AE074ABEDE3B /* ToneContext.swift */; };
		D6A654878740388373DFBA59 /* EngineSelection.swift in Sources */ = {isa = PBXBuildFile; fileRef = 2F2D2BB6F55A00469EE92836 /* EngineSelection.swift */; };
		D7EB2CF5E837AC8B5D28B3F6 /* FinalPassService.swift in Sources */ = {isa = PBXBuildFile; fileRef = F98863E9ECE314D07BDF2B39 /* FinalPassService.swift */; };
		D81DF238E6E32E10F372D3B3 /* TranscriptPolisher.swift in Sources */ = {isa = PBXBuildFile; fileRef = DD254DDA27ABED52D80A81F0 /* TranscriptPolisher.swift */; };
		DA7E2C96F15E6F415BA74090 /* CloudScribeClient.swift in Sources */ = {isa = PBXBuildFile; fileRef = E19C0FA693309D325CBE3172 /* CloudScribeClient.swift */; };
		DAB66618C44EE1C8CFA3E83E /* WhisperModels in Resources */ = {isa = PBXBuildFile; fileRef = 0C22ABA974FC16EC771CFC34 /* WhisperModels */; };
		E6D4FFBB36D53CF49FB78B71 /* AppDelegate.swift in Sources */ = {isa = PBXBuildFile; fileRef = 4FC38FD292248ABAC08C9CE1 /* AppDelegate.swift */; };
		E8A88E8B08D11A406320A4A3 /* CloudCredentialsStore.swift in Sources */ = {isa = PBXBuildFile; fileRef = 5E718DFC0A2981C16F17BFBE /* CloudCredentialsStore.swift */; };
		F34DA90AFBC3967418CDE403 /* FlowTheme.swift in Sources */ = {isa = PBXBuildFile; fileRef = D1D06F4ADAED4A199D9BA818 /* FlowTheme.swift */; };
		F4478743C4F1DD22A939742D /* TranscriptPanelView.swift in Sources */ = {isa = PBXBuildFile; fileRef = 438A39D3CE109D9F79EC02C2 /* TranscriptPanelView.swift */; };
		F4BD965A8C9CD401933AA3C6 /* FlowBridgeShared.framework in Embed Frameworks */ = {isa = PBXBuildFile; fileRef = 58C58B58F6E6B43E5BA3F25F /* FlowBridgeShared.framework */; settings = {ATTRIBUTES = (CodeSignOnCopy, RemoveHeadersOnCopy, ); }; };
		F50A90548C5BCCBE4E7D2B98 /* DictationActivityAttributes.swift in Sources */ = {isa = PBXBuildFile; fileRef = 4AC1F7A2821AC69AFEBECAE7 /* DictationActivityAttributes.swift */; };
		F9C2FD8E06BB127E1FCF6DCB /* AudioLevelMeter.swift in Sources */ = {isa = PBXBuildFile; fileRef = 3DF684D4FD515B6CC5219504 /* AudioLevelMeter.swift */; };
		F9FD85C69C97E622EA1D4AB0 /* DictationStatsStore.swift in Sources */ = {isa = PBXBuildFile; fileRef = 3D956BEAEE6CFBDC18F98329 /* DictationStatsStore.swift */; };
		FBCB7F2F784565EAB5469844 /* StreamingTextRenderer.swift in Sources */ = {isa = PBXBuildFile; fileRef = 54A39941DD4AB0117527AC48 /* StreamingTextRenderer.swift */; };
/* End PBXBuildFile section */

/* Begin PBXContainerItemProxy section */
		41C6B501288316FD3D976408 /* PBXContainerItemProxy */ = {
			isa = PBXContainerItemProxy;
			containerPortal = 9B9B6CF5C049CE7F2FA12FD0 /* Project object */;
			proxyType = 1;
			remoteGlobalIDString = E1F566F16D213D9F7B6D9F39;
			remoteInfo = FlowBridgeWidgets;
		};
		645E62369D6859B804A7562A /* PBXContainerItemProxy */ = {
			isa = PBXContainerItemProxy;
			containerPortal = 9B9B6CF5C049CE7F2FA12FD0 /* Project object */;
			proxyType = 1;
			remoteGlobalIDString = 700D60A100CEFCE59AFAEE94;
			remoteInfo = FlowBridgeShared;
		};
		79B8B49A2CE80192BA0BDDBD /* PBXContainerItemProxy */ = {
			isa = PBXContainerItemProxy;
			containerPortal = 9B9B6CF5C049CE7F2FA12FD0 /* Project object */;
			proxyType = 1;
			remoteGlobalIDString = 700D60A100CEFCE59AFAEE94;
			remoteInfo = FlowBridgeShared;
		};
		A1FB3096B5121B3788B9F434 /* PBXContainerItemProxy */ = {
			isa = PBXContainerItemProxy;
			containerPortal = 9B9B6CF5C049CE7F2FA12FD0 /* Project object */;
			proxyType = 1;
			remoteGlobalIDString = 700D60A100CEFCE59AFAEE94;
			remoteInfo = FlowBridgeShared;
		};
		BC0EE71DDFACE3C7015D71BC /* PBXContainerItemProxy */ = {
			isa = PBXContainerItemProxy;
			containerPortal = 9B9B6CF5C049CE7F2FA12FD0 /* Project object */;
			proxyType = 1;
			remoteGlobalIDString = 63E48A33DDBE6E5CCE1AF77C;
			remoteInfo = FlowBridgeShareExtension;
		};
		F6FAB3AFC9B9DBA8BC7AFFFE /* PBXContainerItemProxy */ = {
			isa = PBXContainerItemProxy;
			containerPortal = 9B9B6CF5C049CE7F2FA12FD0 /* Project object */;
			proxyType = 1;
			remoteGlobalIDString = 700D60A100CEFCE59AFAEE94;
			remoteInfo = FlowBridgeShared;
		};
		F8256789D179264F431CF3CC /* PBXContainerItemProxy */ = {
			isa = PBXContainerItemProxy;
			containerPortal = 9B9B6CF5C049CE7F2FA12FD0 /* Project object */;
			proxyType = 1;
			remoteGlobalIDString = 700D60A100CEFCE59AFAEE94;
			remoteInfo = FlowBridgeShared;
		};
		FE5D067569D66A8E81AC53CA /* PBXContainerItemProxy */ = {
			isa = PBXContainerItemProxy;
			containerPortal = 9B9B6CF5C049CE7F2FA12FD0 /* Project object */;
			proxyType = 1;
			remoteGlobalIDString = DFCC6EA2907D3D52C92FD3EB;
			remoteInfo = FlowBridgeKeyboard;
		};
/* End PBXContainerItemProxy section */

/* Begin PBXCopyFilesBuildPhase section */
		684A6AF88274FC00AA951A1A /* Embed Frameworks */ = {
			isa = PBXCopyFilesBuildPhase;
			buildActionMask = 2147483647;
			dstPath = "";
			dstSubfolderSpec = 10;
			files = (
				49EBD2B635C75D1F5C62F833 /* FlowBridgeShared.framework in Embed Frameworks */,
			);
			name = "Embed Frameworks";
			runOnlyForDeploymentPostprocessing = 0;
		};
		9959BC640BF989D86448B856 /* Embed Frameworks */ = {
			isa = PBXCopyFilesBuildPhase;
			buildActionMask = 2147483647;
			dstPath = "";
			dstSubfolderSpec = 10;
			files = (
				F4BD965A8C9CD401933AA3C6 /* FlowBridgeShared.framework in Embed Frameworks */,
			);
			name = "Embed Frameworks";
			runOnlyForDeploymentPostprocessing = 0;
		};
		A4AD65F0BF6762B3A178E48A /* Embed Foundation Extensions */ = {
			isa = PBXCopyFilesBuildPhase;
			buildActionMask = 2147483647;
			dstPath = "";
			dstSubfolderSpec = 13;
			files = (
				2C28275EA977E840147E0392 /* FlowBridgeKeyboard.appex in Embed Foundation Extensions */,
				B19CC0FAC0ECE4703984AB78 /* FlowBridgeShareExtension.appex in Embed Foundation Extensions */,
				87C366F1665DC1C1DDE5F2C0 /* FlowBridgeWidgets.appex in Embed Foundation Extensions */,
			);
			name = "Embed Foundation Extensions";
			runOnlyForDeploymentPostprocessing = 0;
		};
/* End PBXCopyFilesBuildPhase section */

/* Begin PBXFileReference section */
		00DB535FD420E969C6AE424C /* TranscriptRecord.swift */ = {isa = PBXFileReference; lastKnownFileType = sourcecode.swift; path = TranscriptRecord.swift; sourceTree = "<group>"; };
		0208D6D8D2F2AA7BB27FB4B8 /* DictationControlWidget.swift */ = {isa = PBXFileReference; lastKnownFileType = sourcecode.swift; path = DictationControlWidget.swift; sourceTree = "<group>"; };
		048BFA8FD28603AE6F27DE18 /* TranscriptStore.swift */ = {isa = PBXFileReference; lastKnownFileType = sourcecode.swift; path = TranscriptStore.swift; sourceTree = "<group>"; };
		0A094609470340B331D09D78 /* SharedContainer.swift */ = {isa = PBXFileReference; lastKnownFileType = sourcecode.swift; path = SharedContainer.swift; sourceTree = "<group>"; };
		0A8C4B90E768974917B97D9E /* FlowBridgeWidgets.appex */ = {isa = PBXFileReference; includeInIndex = 0; lastKnownFileType = "wrapper.app-extension"; path = FlowBridgeWidgets.appex; sourceTree = BUILT_PRODUCTS_DIR; };
		0C22ABA974FC16EC771CFC34 /* WhisperModels */ = {isa = PBXFileReference; lastKnownFileType = folder; name = WhisperModels; path = Resources/WhisperModels; sourceTree = SOURCE_ROOT; };
		0F16B79777254F400F0A0684 /* AppleSpeechEngine.swift */ = {isa = PBXFileReference; lastKnownFileType = sourcecode.swift; path = AppleSpeechEngine.swift; sourceTree = "<group>"; };
		1486D85A361FEE64331127F6 /* PendingCommandStore.swift */ = {isa = PBXFileReference; lastKnownFileType = sourcecode.swift; path = PendingCommandStore.swift; sourceTree = "<group>"; };
		1C4CDE7D918A097299B69DA8 /* FlowMotion.swift */ = {isa = PBXFileReference; lastKnownFileType = sourcecode.swift; path = FlowMotion.swift; sourceTree = "<group>"; };
		1CD98E41DD5DE1B773A30C7B /* PendingCommandStoreTests.swift */ = {isa = PBXFileReference; lastKnownFileType = sourcecode.swift; path = PendingCommandStoreTests.swift; sourceTree = "<group>"; };
		1D3BEA99E7DB4AE0BE1A7340 /* FlowBridgeApp.swift */ = {isa = PBXFileReference; lastKnownFileType = sourcecode.swift; path = FlowBridgeApp.swift; sourceTree = "<group>"; };
		1F31CBD5CEB730A68D9A4CA4 /* LiveTranscriptView.swift */ = {isa = PBXFileReference; lastKnownFileType = sourcecode.swift; path = LiveTranscriptView.swift; sourceTree = "<group>"; };
		253FCE496170F7FC75566588 /* DictationActivityController.swift */ = {isa = PBXFileReference; lastKnownFileType = sourcecode.swift; path = DictationActivityController.swift; sourceTree = "<group>"; };
		2CCF23ED7E9492A89A378F07 /* TranscriptStoreTests.swift */ = {isa = PBXFileReference; lastKnownFileType = sourcecode.swift; path = TranscriptStoreTests.swift; sourceTree = "<group>"; };
		2EE405009081B88E3B1B62B7 /* WERCalculator.swift */ = {isa = PBXFileReference; lastKnownFileType = sourcecode.swift; path = WERCalculator.swift; sourceTree = "<group>"; };
		2F2D2BB6F55A00469EE92836 /* EngineSelection.swift */ = {isa = PBXFileReference; lastKnownFileType = sourcecode.swift; path = EngineSelection.swift; sourceTree = "<group>"; };
		32068DC9B1FC3C829B281FF0 /* TranscriptionEngine.swift */ = {isa = PBXFileReference; lastKnownFileType = sourcecode.swift; path = TranscriptionEngine.swift; sourceTree = "<group>"; };
		35BFDA56276DAF70D933630E /* VocabularyStore.swift */ = {isa = PBXFileReference; lastKnownFileType = sourcecode.swift; path = VocabularyStore.swift; sourceTree = "<group>"; };
		399A0AEAA06EC3C5FC0410F2 /* ContentView.swift */ = {isa = PBXFileReference; lastKnownFileType = sourcecode.swift; path = ContentView.swift; sourceTree = "<group>"; };
		3D927B49FC7B55FC363961DF /* WhisperModelLocator.swift */ = {isa = PBXFileReference; lastKnownFileType = sourcecode.swift; path = WhisperModelLocator.swift; sourceTree = "<group>"; };
		3D956BEAEE6CFBDC18F98329 /* DictationStatsStore.swift */ = {isa = PBXFileReference; lastKnownFileType = sourcecode.swift; path = DictationStatsStore.swift; sourceTree = "<group>"; };
		3DF684D4FD515B6CC5219504 /* AudioLevelMeter.swift */ = {isa = PBXFileReference; lastKnownFileType = sourcecode.swift; path = AudioLevelMeter.swift; sourceTree = "<group>"; };
		438A39D3CE109D9F79EC02C2 /* TranscriptPanelView.swift */ = {isa = PBXFileReference; lastKnownFileType = sourcecode.swift; path = TranscriptPanelView.swift; sourceTree = "<group>"; };
		46153FC5A6417E9EEDBBDCE1 /* AudioSafetyBufferTests.swift */ = {isa = PBXFileReference; lastKnownFileType = sourcecode.swift; path = AudioSafetyBufferTests.swift; sourceTree = "<group>"; };
		465635746E8BA96BAC9A9DC3 /* FlowBridgeSharedTests.xctest */ = {isa = PBXFileReference; includeInIndex = 0; lastKnownFileType = wrapper.cfbundle; path = FlowBridgeSharedTests.xctest; sourceTree = BUILT_PRODUCTS_DIR; };
		4AC1F7A2821AC69AFEBECAE7 /* DictationActivityAttributes.swift */ = {isa = PBXFileReference; lastKnownFileType = sourcecode.swift; path = DictationActivityAttributes.swift; sourceTree = "<group>"; };
		4FC38FD292248ABAC08C9CE1 /* AppDelegate.swift */ = {isa = PBXFileReference; lastKnownFileType = sourcecode.swift; path = AppDelegate.swift; sourceTree = "<group>"; };
		54A39941DD4AB0117527AC48 /* StreamingTextRenderer.swift */ = {isa = PBXFileReference; lastKnownFileType = sourcecode.swift; path = StreamingTextRenderer.swift; sourceTree = "<group>"; };
		5536AE9A59BEE1893922545A /* HapticEngineController.swift */ = {isa = PBXFileReference; lastKnownFileType = sourcecode.swift; path = HapticEngineController.swift; sourceTree = "<group>"; };
		5578CABA44085834319AB537 /* CloudGate.swift */ = {isa = PBXFileReference; lastKnownFileType = sourcecode.swift; path = CloudGate.swift; sourceTree = "<group>"; };
		58C58B58F6E6B43E5BA3F25F /* FlowBridgeShared.framework */ = {isa = PBXFileReference; explicitFileType = wrapper.framework; includeInIndex = 0; path = FlowBridgeShared.framework; sourceTree = BUILT_PRODUCTS_DIR; };
		5E718DFC0A2981C16F17BFBE /* CloudCredentialsStore.swift */ = {isa = PBXFileReference; lastKnownFileType = sourcecode.swift; path = CloudCredentialsStore.swift; sourceTree = "<group>"; };
		64715A622B6B8DB9C2621BE5 /* FlowBridgeCoordinator.swift */ = {isa = PBXFileReference; lastKnownFileType = sourcecode.swift; path = FlowBridgeCoordinator.swift; sourceTree = "<group>"; };
		675BDFD16C278E4C6834CE04 /* AudioFileDurationReader.swift */ = {isa = PBXFileReference; lastKnownFileType = sourcecode.swift; path = AudioFileDurationReader.swift; sourceTree = "<group>"; };
		678D04AE880D789EFCD73955 /* TranscriptHistoryStoreTests.swift */ = {isa = PBXFileReference; lastKnownFileType = sourcecode.swift; path = TranscriptHistoryStoreTests.swift; sourceTree = "<group>"; };
		685C7EA9A97913A43B8CF15D /* RecapCardView.swift */ = {isa = PBXFileReference; lastKnownFileType = sourcecode.swift; path = RecapCardView.swift; sourceTree = "<group>"; };
		6E15070C9DE4DA14187206E9 /* FlowBridgeRecorder.swift */ = {isa = PBXFileReference; lastKnownFileType = sourcecode.swift; path = FlowBridgeRecorder.swift; sourceTree = "<group>"; };
		6F07CAAEC61878D1E73D4054 /* OrbView.swift */ = {isa = PBXFileReference; lastKnownFileType = sourcecode.swift; path = OrbView.swift; sourceTree = "<group>"; };
		7139AC499C7615B48FFB09BC /* FlowBridgeTheme.swift */ = {isa = PBXFileReference; lastKnownFileType = sourcecode.swift; path = FlowBridgeTheme.swift; sourceTree = "<group>"; };
		71D4860BCEF16B814FB4613E /* CloudScribeRealtimeEngine.swift */ = {isa = PBXFileReference; lastKnownFileType = sourcecode.swift; path = CloudScribeRealtimeEngine.swift; sourceTree = "<group>"; };
		748711B42A512CA9A05AA1AC /* FlowBridgeKeyboard.appex */ = {isa = PBXFileReference; includeInIndex = 0; lastKnownFileType = "wrapper.app-extension"; path = FlowBridgeKeyboard.appex; sourceTree = BUILT_PRODUCTS_DIR; };
		74D2726B6533203B057035C1 /* Benchmark */ = {isa = PBXFileReference; lastKnownFileType = folder; name = Benchmark; path = Resources/Benchmark; sourceTree = SOURCE_ROOT; };
		75585582B711A04DA59F231A /* OnboardingView.swift */ = {isa = PBXFileReference; lastKnownFileType = sourcecode.swift; path = OnboardingView.swift; sourceTree = "<group>"; };
		75B1B5E9C9C34E931CE15D33 /* RoomBackground.swift */ = {isa = PBXFileReference; lastKnownFileType = sourcecode.swift; path = RoomBackground.swift; sourceTree = "<group>"; };
		786B1AE80A62F3B8718B36D4 /* KeyboardViewController.swift */ = {isa = PBXFileReference; lastKnownFileType = sourcecode.swift; path = KeyboardViewController.swift; sourceTree = "<group>"; };
		896D5D4E8D80D707EE776D26 /* WhisperEngine.swift */ = {isa = PBXFileReference; lastKnownFileType = sourcecode.swift; path = WhisperEngine.swift; sourceTree = "<group>"; };
		89F1FBE7C9C0FDA311E4F3F7 /* PrivacyCockpitView.swift */ = {isa = PBXFileReference; lastKnownFileType = sourcecode.swift; path = PrivacyCockpitView.swift; sourceTree = "<group>"; };
		8A88C5488798C0EBBF2DC392 /* ShareViewController.swift */ = {isa = PBXFileReference; lastKnownFileType = sourcecode.swift; path = ShareViewController.swift; sourceTree = "<group>"; };
		8C3376497876B786552C9DAF /* FlowBridgeWidgetsBundle.swift */ = {isa = PBXFileReference; lastKnownFileType = sourcecode.swift; path = FlowBridgeWidgetsBundle.swift; sourceTree = "<group>"; };
		95A1A56F4B31CBD5EF94C4DE /* ToggleDictationIntent.swift */ = {isa = PBXFileReference; lastKnownFileType = sourcecode.swift; path = ToggleDictationIntent.swift; sourceTree = "<group>"; };
		95F186F837B8831BF35BA77F /* WERCalculatorTests.swift */ = {isa = PBXFileReference; lastKnownFileType = sourcecode.swift; path = WERCalculatorTests.swift; sourceTree = "<group>"; };
		9A4096FE560985EB14367364 /* FlowBridgeError.swift */ = {isa = PBXFileReference; lastKnownFileType = sourcecode.swift; path = FlowBridgeError.swift; sourceTree = "<group>"; };
		9DA2B4042EE3EE3978B32A3B /* VoiceCommandProcessorTests.swift */ = {isa = PBXFileReference; lastKnownFileType = sourcecode.swift; path = VoiceCommandProcessorTests.swift; sourceTree = "<group>"; };
		9F56E15E64B23E97B7E6C2AB /* BenchmarkHarness.swift */ = {isa = PBXFileReference; lastKnownFileType = sourcecode.swift; path = BenchmarkHarness.swift; sourceTree = "<group>"; };
		A025FB42F6B3C047EDA531F9 /* StatsView.swift */ = {isa = PBXFileReference; lastKnownFileType = sourcecode.swift; path = StatsView.swift; sourceTree = "<group>"; };
		A0C88713ACFE8BA339690319 /* DictationIntents.swift */ = {isa = PBXFileReference; lastKnownFileType = sourcecode.swift; path = DictationIntents.swift; sourceTree = "<group>"; };
		A5EEBC5DCACAA8088B28DC4C /* RecordingFeedbackDriver.swift */ = {isa = PBXFileReference; lastKnownFileType = sourcecode.swift; path = RecordingFeedbackDriver.swift; sourceTree = "<group>"; };
		A8E02D0F174821DC9C6189BE /* FlowBridgeApp.app */ = {isa = PBXFileReference; includeInIndex = 0; lastKnownFileType = wrapper.application; path = FlowBridgeApp.app; sourceTree = BUILT_PRODUCTS_DIR; };
		A92346DD44793FF6133012EB /* LiveTranscriptStore.swift */ = {isa = PBXFileReference; lastKnownFileType = sourcecode.swift; path = LiveTranscriptStore.swift; sourceTree = "<group>"; };
		AA2E470CC9E4CDE3B97DC829 /* VocabularyAndStatsTests.swift */ = {isa = PBXFileReference; lastKnownFileType = sourcecode.swift; path = VocabularyAndStatsTests.swift; sourceTree = "<group>"; };
		AE98420A07E6315C0192BA66 /* VoiceCommandProcessor.swift */ = {isa = PBXFileReference; lastKnownFileType = sourcecode.swift; path = VoiceCommandProcessor.swift; sourceTree = "<group>"; };
		B0E3E8A0E339AE074ABEDE3B /* ToneContext.swift */ = {isa = PBXFileReference; lastKnownFileType = sourcecode.swift; path = ToneContext.swift; sourceTree = "<group>"; };
		B54A746A43497CB353DB7071 /* DictationTextNormalizerTests.swift */ = {isa = PBXFileReference; lastKnownFileType = sourcecode.swift; path = DictationTextNormalizerTests.swift; sourceTree = "<group>"; };
		BDC8F35F4BEF7779523B7323 /* DictationLiveActivity.swift */ = {isa = PBXFileReference; lastKnownFileType = sourcecode.swift; path = DictationLiveActivity.swift; sourceTree = "<group>"; };
		C11AE725B3ADE0516C84B25F /* QueuedAudioStore.swift */ = {isa = PBXFileReference; lastKnownFileType = sourcecode.swift; path = QueuedAudioStore.swift; sourceTree = "<group>"; };
		C90A9C39F8202AA4D8D87D6E /* DictationDailyStatsTests.swift */ = {isa = PBXFileReference; lastKnownFileType = sourcecode.swift; path = DictationDailyStatsTests.swift; sourceTree = "<group>"; };
		C92AC93BA661C8358A14C9E6 /* DarwinNotifier.swift */ = {isa = PBXFileReference; lastKnownFileType = sourcecode.swift; path = DarwinNotifier.swift; sourceTree = "<group>"; };
		CA149C0EF32FD199CF8FE8DD /* FlowBridgeConstants.swift */ = {isa = PBXFileReference; lastKnownFileType = sourcecode.swift; path = FlowBridgeConstants.swift; sourceTree = "<group>"; };
		CA28D67D7AAD8D180672A391 /* Assets.xcassets */ = {isa = PBXFileReference; lastKnownFileType = folder.assetcatalog; path = Assets.xcassets; sourceTree = "<group>"; };
		CBD6075A9DD9A8E21AD88055 /* SettingsView.swift */ = {isa = PBXFileReference; lastKnownFileType = sourcecode.swift; path = SettingsView.swift; sourceTree = "<group>"; };
		CDEF7A44AA8ADA27232838B5 /* DiagnosticsLog.swift */ = {isa = PBXFileReference; lastKnownFileType = sourcecode.swift; path = DiagnosticsLog.swift; sourceTree = "<group>"; };
		D1D06F4ADAED4A199D9BA818 /* FlowTheme.swift */ = {isa = PBXFileReference; lastKnownFileType = sourcecode.swift; path = FlowTheme.swift; sourceTree = "<group>"; };
		D2DF086A59984159DC095240 /* NetworkGuard.swift */ = {isa = PBXFileReference; lastKnownFileType = sourcecode.swift; path = NetworkGuard.swift; sourceTree = "<group>"; };
		D412B4D4FD9766E9DF8D3D32 /* FlowBridgeShareExtension.appex */ = {isa = PBXFileReference; includeInIndex = 0; lastKnownFileType = "wrapper.app-extension"; path = FlowBridgeShareExtension.appex; sourceTree = BUILT_PRODUCTS_DIR; };
		D5649734D540433B6C860832 /* TranscriptHistoryStore.swift */ = {isa = PBXFileReference; lastKnownFileType = sourcecode.swift; path = TranscriptHistoryStore.swift; sourceTree = "<group>"; };
		D9FCB7173B4C2474162C05C6 /* AudioSafetyBuffer.swift */ = {isa = PBXFileReference; lastKnownFileType = sourcecode.swift; path = AudioSafetyBuffer.swift; sourceTree = "<group>"; };
		D9FF73C8B5B764406DF50EF0 /* HapticPlayer.swift */ = {isa = PBXFileReference; lastKnownFileType = sourcecode.swift; path = HapticPlayer.swift; sourceTree = "<group>"; };
		DD254DDA27ABED52D80A81F0 /* TranscriptPolisher.swift */ = {isa = PBXFileReference; lastKnownFileType = sourcecode.swift; path = TranscriptPolisher.swift; sourceTree = "<group>"; };
		DDABF6EFF85E608C7C90CA6F /* FlowWaveShape.swift */ = {isa = PBXFileReference; lastKnownFileType = sourcecode.swift; path = FlowWaveShape.swift; sourceTree = "<group>"; };
		E19C0FA693309D325CBE3172 /* CloudScribeClient.swift */ = {isa = PBXFileReference; lastKnownFileType = sourcecode.swift; path = CloudScribeClient.swift; sourceTree = "<group>"; };
		E544C636FFC31B0B111A9306 /* WaveformBarsView.swift */ = {isa = PBXFileReference; lastKnownFileType = sourcecode.swift; path = WaveformBarsView.swift; sourceTree = "<group>"; };
		E9101AD4F00FA60371792FE4 /* HistoryView.swift */ = {isa = PBXFileReference; lastKnownFileType = sourcecode.swift; path = HistoryView.swift; sourceTree = "<group>"; };
		EA7CF10ABEEB3E9B75ACA0CF /* DictationCommandHub.swift */ = {isa = PBXFileReference; lastKnownFileType = sourcecode.swift; path = DictationCommandHub.swift; sourceTree = "<group>"; };
		EF72D22409E77372A71277E1 /* TranscriptStageView.swift */ = {isa = PBXFileReference; lastKnownFileType = sourcecode.swift; path = TranscriptStageView.swift; sourceTree = "<group>"; };
		F66E0DAC1051FC60CF651C98 /* FlowBridgeHomeWidget.swift */ = {isa = PBXFileReference; lastKnownFileType = sourcecode.swift; path = FlowBridgeHomeWidget.swift; sourceTree = "<group>"; };
		F6CA36551C2FA87C8C597EF1 /* VocabularySuggester.swift */ = {isa = PBXFileReference; lastKnownFileType = sourcecode.swift; path = VocabularySuggester.swift; sourceTree = "<group>"; };
		F98863E9ECE314D07BDF2B39 /* FinalPassService.swift */ = {isa = PBXFileReference; lastKnownFileType = sourcecode.swift; path = FinalPassService.swift; sourceTree = "<group>"; };
		FCF98DF41D148D8A7BFDD142 /* DictationTextNormalizer.swift */ = {isa = PBXFileReference; lastKnownFileType = sourcecode.swift; path = DictationTextNormalizer.swift; sourceTree = "<group>"; };
/* End PBXFileReference section */

/* Begin PBXFrameworksBuildPhase section */
		2979E1379E52047F2158354B /* Frameworks */ = {
			isa = PBXFrameworksBuildPhase;
			buildActionMask = 2147483647;
			files = (
				87363ED49F397D22F9E0E1B7 /* FlowBridgeShared.framework in Frameworks */,
			);
			runOnlyForDeploymentPostprocessing = 0;
		};
		7E92F5615DC560E3BB0206C8 /* Frameworks */ = {
			isa = PBXFrameworksBuildPhase;
			buildActionMask = 2147483647;
			files = (
				BA21DA869BB6148743AFAF67 /* FlowBridgeShared.framework in Frameworks */,
			);
			runOnlyForDeploymentPostprocessing = 0;
		};
		8286C55F5FD9FCC699217BFD /* Frameworks */ = {
			isa = PBXFrameworksBuildPhase;
			buildActionMask = 2147483647;
			files = (
				3A11F241FD8BFDFD8A3222E9 /* FlowBridgeShared.framework in Frameworks */,
			);
			runOnlyForDeploymentPostprocessing = 0;
		};
		D9224CD96F8367E1CB953031 /* Frameworks */ = {
			isa = PBXFrameworksBuildPhase;
			buildActionMask = 2147483647;
			files = (
				3E0E8C586E1E6C34612D7F2D /* FlowBridgeShared.framework in Frameworks */,
			);
			runOnlyForDeploymentPostprocessing = 0;
		};
		DBFFBB27A75A2976BAAEDC2B /* Frameworks */ = {
			isa = PBXFrameworksBuildPhase;
			buildActionMask = 2147483647;
			files = (
				A691EAAEA84F3163C5AB37DC /* FlowBridgeShared.framework in Frameworks */,
				C877340C9AA50852CB5E2124 /* WhisperKit in Frameworks */,
			);
			runOnlyForDeploymentPostprocessing = 0;
		};
/* End PBXFrameworksBuildPhase section */

/* Begin PBXGroup section */
		3088F17D38E9E0E41A73C3D7 /* Products */ = {
			isa = PBXGroup;
			children = (
				A8E02D0F174821DC9C6189BE /* FlowBridgeApp.app */,
				748711B42A512CA9A05AA1AC /* FlowBridgeKeyboard.appex */,
				58C58B58F6E6B43E5BA3F25F /* FlowBridgeShared.framework */,
				465635746E8BA96BAC9A9DC3 /* FlowBridgeSharedTests.xctest */,
				D412B4D4FD9766E9DF8D3D32 /* FlowBridgeShareExtension.appex */,
				0A8C4B90E768974917B97D9E /* FlowBridgeWidgets.appex */,
			);
			name = Products;
			sourceTree = "<group>";
		};
		393A5A2EEBFDE9D447D63E28 /* Cloud */ = {
			isa = PBXGroup;
			children = (
				5E718DFC0A2981C16F17BFBE /* CloudCredentialsStore.swift */,
				E19C0FA693309D325CBE3172 /* CloudScribeClient.swift */,
				71D4860BCEF16B814FB4613E /* CloudScribeRealtimeEngine.swift */,
			);
			path = Cloud;
			sourceTree = "<group>";
		};
		3DE6795CFED53796E87C5D11 /* FlowBridgeAppIntents */ = {
			isa = PBXGroup;
			children = (
				A0C88713ACFE8BA339690319 /* DictationIntents.swift */,
			);
			path = FlowBridgeAppIntents;
			sourceTree = "<group>";
		};
		3E7F44397CFEBDA085D03FAF /* Tests */ = {
			isa = PBXGroup;
			children = (
				B9B4CB0F6CB47AC4EA802C74 /* FlowBridgeSharedTests */,
			);
			path = Tests;
			sourceTree = "<group>";
		};
		5C3F50691E08D76EB3D8C929 /* Resources */ = {
			isa = PBXGroup;
			children = (
				CA28D67D7AAD8D180672A391 /* Assets.xcassets */,
				74D2726B6533203B057035C1 /* Benchmark */,
				0C22ABA974FC16EC771CFC34 /* WhisperModels */,
			);
			path = Resources;
			sourceTree = "<group>";
		};
		663BDC76393716CC2C093FC3 /* FlowBridgeWidgets */ = {
			isa = PBXGroup;
			children = (
				0208D6D8D2F2AA7BB27FB4B8 /* DictationControlWidget.swift */,
				BDC8F35F4BEF7779523B7323 /* DictationLiveActivity.swift */,
				F66E0DAC1051FC60CF651C98 /* FlowBridgeHomeWidget.swift */,
				8C3376497876B786552C9DAF /* FlowBridgeWidgetsBundle.swift */,
				DDABF6EFF85E608C7C90CA6F /* FlowWaveShape.swift */,
				E544C636FFC31B0B111A9306 /* WaveformBarsView.swift */,
			);
			path = FlowBridgeWidgets;
			sourceTree = "<group>";
		};
		7BCE9C28B0F6790B97974F71 /* Transcript */ = {
			isa = PBXGroup;
			children = (
				1F31CBD5CEB730A68D9A4CA4 /* LiveTranscriptView.swift */,
				54A39941DD4AB0117527AC48 /* StreamingTextRenderer.swift */,
				438A39D3CE109D9F79EC02C2 /* TranscriptPanelView.swift */,
				EF72D22409E77372A71277E1 /* TranscriptStageView.swift */,
			);
			path = Transcript;
			sourceTree = "<group>";
		};
		8717567B2720A7EF0E8648EC /* FlowBridgeShareExtension */ = {
			isa = PBXGroup;
			children = (
				8A88C5488798C0EBBF2DC392 /* ShareViewController.swift */,
			);
			path = FlowBridgeShareExtension;
			sourceTree = "<group>";
		};
		A5B74E9B90DD524D277C280D /* Sources */ = {
			isa = PBXGroup;
			children = (
				FB683D9F39369F60F2398B66 /* FlowBridgeApp */,
				3DE6795CFED53796E87C5D11 /* FlowBridgeAppIntents */,
				ACF95AE3984D3EFF9D84D709 /* FlowBridgeKeyboard */,
				C07ED503AAE916086EA4C880 /* FlowBridgeShared */,
				8717567B2720A7EF0E8648EC /* FlowBridgeShareExtension */,
				663BDC76393716CC2C093FC3 /* FlowBridgeWidgets */,
			);
			path = Sources;
			sourceTree = "<group>";
		};
		ACF95AE3984D3EFF9D84D709 /* FlowBridgeKeyboard */ = {
			isa = PBXGroup;
			children = (
				786B1AE80A62F3B8718B36D4 /* KeyboardViewController.swift */,
			);
			path = FlowBridgeKeyboard;
			sourceTree = "<group>";
		};
		B41A636515B6E559DD2AC5D2 /* FinalPass */ = {
			isa = PBXGroup;
			children = (
				F98863E9ECE314D07BDF2B39 /* FinalPassService.swift */,
			);
			path = FinalPass;
			sourceTree = "<group>";
		};
		B9B4CB0F6CB47AC4EA802C74 /* FlowBridgeSharedTests */ = {
			isa = PBXGroup;
			children = (
				46153FC5A6417E9EEDBBDCE1 /* AudioSafetyBufferTests.swift */,
				C90A9C39F8202AA4D8D87D6E /* DictationDailyStatsTests.swift */,
				B54A746A43497CB353DB7071 /* DictationTextNormalizerTests.swift */,
				1CD98E41DD5DE1B773A30C7B /* PendingCommandStoreTests.swift */,
				678D04AE880D789EFCD73955 /* TranscriptHistoryStoreTests.swift */,
				2CCF23ED7E9492A89A378F07 /* TranscriptStoreTests.swift */,
				AA2E470CC9E4CDE3B97DC829 /* VocabularyAndStatsTests.swift */,
				9DA2B4042EE3EE3978B32A3B /* VoiceCommandProcessorTests.swift */,
				95F186F837B8831BF35BA77F /* WERCalculatorTests.swift */,
			);
			path = FlowBridgeSharedTests;
			sourceTree = "<group>";
		};
		BE0177806B6D9D7A6CBED163 = {
			isa = PBXGroup;
			children = (
				5C3F50691E08D76EB3D8C929 /* Resources */,
				A5B74E9B90DD524D277C280D /* Sources */,
				3E7F44397CFEBDA085D03FAF /* Tests */,
				3088F17D38E9E0E41A73C3D7 /* Products */,
			);
			sourceTree = "<group>";
		};
		C07ED503AAE916086EA4C880 /* FlowBridgeShared */ = {
			isa = PBXGroup;
			children = (
				D9FCB7173B4C2474162C05C6 /* AudioSafetyBuffer.swift */,
				5578CABA44085834319AB537 /* CloudGate.swift */,
				C92AC93BA661C8358A14C9E6 /* DarwinNotifier.swift */,
				4AC1F7A2821AC69AFEBECAE7 /* DictationActivityAttributes.swift */,
				EA7CF10ABEEB3E9B75ACA0CF /* DictationCommandHub.swift */,
				3D956BEAEE6CFBDC18F98329 /* DictationStatsStore.swift */,
				FCF98DF41D148D8A7BFDD142 /* DictationTextNormalizer.swift */,
				CA149C0EF32FD199CF8FE8DD /* FlowBridgeConstants.swift */,
				9A4096FE560985EB14367364 /* FlowBridgeError.swift */,
				7139AC499C7615B48FFB09BC /* FlowBridgeTheme.swift */,
				A92346DD44793FF6133012EB /* LiveTranscriptStore.swift */,
				D2DF086A59984159DC095240 /* NetworkGuard.swift */,
				1486D85A361FEE64331127F6 /* PendingCommandStore.swift */,
				C11AE725B3ADE0516C84B25F /* QueuedAudioStore.swift */,
				0A094609470340B331D09D78 /* SharedContainer.swift */,
				B0E3E8A0E339AE074ABEDE3B /* ToneContext.swift */,
				D5649734D540433B6C860832 /* TranscriptHistoryStore.swift */,
				00DB535FD420E969C6AE424C /* TranscriptRecord.swift */,
				048BFA8FD28603AE6F27DE18 /* TranscriptStore.swift */,
				35BFDA56276DAF70D933630E /* VocabularyStore.swift */,
				AE98420A07E6315C0192BA66 /* VoiceCommandProcessor.swift */,
				2EE405009081B88E3B1B62B7 /* WERCalculator.swift */,
			);
			path = FlowBridgeShared;
			sourceTree = "<group>";
		};
		CCF02BC2EA04E73708633330 /* Orb */ = {
			isa = PBXGroup;
			children = (
				6F07CAAEC61878D1E73D4054 /* OrbView.swift */,
			);
			path = Orb;
			sourceTree = "<group>";
		};
		E46976BF7EEC04EFEAFCD063 /* Stats */ = {
			isa = PBXGroup;
			children = (
				685C7EA9A97913A43B8CF15D /* RecapCardView.swift */,
				A025FB42F6B3C047EDA531F9 /* StatsView.swift */,
			);
			path = Stats;
			sourceTree = "<group>";
		};
		F7389E50228B4AB719940F24 /* Design */ = {
			isa = PBXGroup;
			children = (
				1C4CDE7D918A097299B69DA8 /* FlowMotion.swift */,
				D1D06F4ADAED4A199D9BA818 /* FlowTheme.swift */,
				75B1B5E9C9C34E931CE15D33 /* RoomBackground.swift */,
			);
			path = Design;
			sourceTree = "<group>";
		};
		FB683D9F39369F60F2398B66 /* FlowBridgeApp */ = {
			isa = PBXGroup;
			children = (
				4FC38FD292248ABAC08C9CE1 /* AppDelegate.swift */,
				0F16B79777254F400F0A0684 /* AppleSpeechEngine.swift */,
				675BDFD16C278E4C6834CE04 /* AudioFileDurationReader.swift */,
				3DF684D4FD515B6CC5219504 /* AudioLevelMeter.swift */,
				9F56E15E64B23E97B7E6C2AB /* BenchmarkHarness.swift */,
				399A0AEAA06EC3C5FC0410F2 /* ContentView.swift */,
				CDEF7A44AA8ADA27232838B5 /* DiagnosticsLog.swift */,
				253FCE496170F7FC75566588 /* DictationActivityController.swift */,
				2F2D2BB6F55A00469EE92836 /* EngineSelection.swift */,
				1D3BEA99E7DB4AE0BE1A7340 /* FlowBridgeApp.swift */,
				64715A622B6B8DB9C2621BE5 /* FlowBridgeCoordinator.swift */,
				6E15070C9DE4DA14187206E9 /* FlowBridgeRecorder.swift */,
				5536AE9A59BEE1893922545A /* HapticEngineController.swift */,
				D9FF73C8B5B764406DF50EF0 /* HapticPlayer.swift */,
				E9101AD4F00FA60371792FE4 /* HistoryView.swift */,
				75585582B711A04DA59F231A /* OnboardingView.swift */,
				89F1FBE7C9C0FDA311E4F3F7 /* PrivacyCockpitView.swift */,
				A5EEBC5DCACAA8088B28DC4C /* RecordingFeedbackDriver.swift */,
				CBD6075A9DD9A8E21AD88055 /* SettingsView.swift */,
				95A1A56F4B31CBD5EF94C4DE /* ToggleDictationIntent.swift */,
				32068DC9B1FC3C829B281FF0 /* TranscriptionEngine.swift */,
				DD254DDA27ABED52D80A81F0 /* TranscriptPolisher.swift */,
				F6CA36551C2FA87C8C597EF1 /* VocabularySuggester.swift */,
				896D5D4E8D80D707EE776D26 /* WhisperEngine.swift */,
				3D927B49FC7B55FC363961DF /* WhisperModelLocator.swift */,
				393A5A2EEBFDE9D447D63E28 /* Cloud */,
				F7389E50228B4AB719940F24 /* Design */,
				B41A636515B6E559DD2AC5D2 /* FinalPass */,
				CCF02BC2EA04E73708633330 /* Orb */,
				E46976BF7EEC04EFEAFCD063 /* Stats */,
				7BCE9C28B0F6790B97974F71 /* Transcript */,
			);
			path = FlowBridgeApp;
			sourceTree = "<group>";
		};
/* End PBXGroup section */

/* Begin PBXNativeTarget section */
		0D39C4A65F96B265B3705C68 /* FlowBridgeApp */ = {
			isa = PBXNativeTarget;
			buildConfigurationList = E3CCC5607A408596F3F38742 /* Build configuration list for PBXNativeTarget "FlowBridgeApp" */;
			buildPhases = (
				9B5888C4F76ED9C13FCABC2D /* Sources */,
				B2091B131AC01DC037CCA924 /* Resources */,
				DBFFBB27A75A2976BAAEDC2B /* Frameworks */,
				A4AD65F0BF6762B3A178E48A /* Embed Foundation Extensions */,
				684A6AF88274FC00AA951A1A /* Embed Frameworks */,
			);
			buildRules = (
			);
			dependencies = (
				0DDBE85E0D991DAC5644B119 /* PBXTargetDependency */,
				A0FFA0ED1BBF7CE1E1CBDE9A /* PBXTargetDependency */,
				943EB742B1324F9593604880 /* PBXTargetDependency */,
				B8363570823B03723C8C25C1 /* PBXTargetDependency */,
			);
			name = FlowBridgeApp;
			packageProductDependencies = (
				8E6AB7B92651395A03A424E8 /* WhisperKit */,
			);
			productName = FlowBridgeApp;
			productReference = A8E02D0F174821DC9C6189BE /* FlowBridgeApp.app */;
			productType = "com.apple.product-type.application";
		};
		36681D2C1F7E6CA0DED629C6 /* FlowBridgeSharedTests */ = {
			isa = PBXNativeTarget;
			buildConfigurationList = 747F88A81B07FE6005391E2E /* Build configuration list for PBXNativeTarget "FlowBridgeSharedTests" */;
			buildPhases = (
				F3455934C078209C572AF7DD /* Sources */,
				D9224CD96F8367E1CB953031 /* Frameworks */,
				9959BC640BF989D86448B856 /* Embed Frameworks */,
			);
			buildRules = (
			);
			dependencies = (
				6766C6FC3C1FF92C4F792DD4 /* PBXTargetDependency */,
			);
			name = FlowBridgeSharedTests;
			packageProductDependencies = (
			);
			productName = FlowBridgeSharedTests;
			productReference = 465635746E8BA96BAC9A9DC3 /* FlowBridgeSharedTests.xctest */;
			productType = "com.apple.product-type.bundle.unit-test";
		};
		63E48A33DDBE6E5CCE1AF77C /* FlowBridgeShareExtension */ = {
			isa = PBXNativeTarget;
			buildConfigurationList = DE95FBCC2AB0003D980F34DE /* Build configuration list for PBXNativeTarget "FlowBridgeShareExtension" */;
			buildPhases = (
				DD57F82000C6A8DCCFBA1791 /* Sources */,
				7E92F5615DC560E3BB0206C8 /* Frameworks */,
			);
			buildRules = (
			);
			dependencies = (
				1EDB5166B2E666317FF78C1D /* PBXTargetDependency */,
			);
			name = FlowBridgeShareExtension;
			packageProductDependencies = (
			);
			productName = FlowBridgeShareExtension;
			productReference = D412B4D4FD9766E9DF8D3D32 /* FlowBridgeShareExtension.appex */;
			productType = "com.apple.product-type.app-extension";
		};
		700D60A100CEFCE59AFAEE94 /* FlowBridgeShared */ = {
			isa = PBXNativeTarget;
			buildConfigurationList = 3DC375BFAF28FD55ADC6B57A /* Build configuration list for PBXNativeTarget "FlowBridgeShared" */;
			buildPhases = (
				589DF40BFE669BC10E2896CC /* Sources */,
			);
			buildRules = (
			);
			dependencies = (
			);
			name = FlowBridgeShared;
			packageProductDependencies = (
			);
			productName = FlowBridgeShared;
			productReference = 58C58B58F6E6B43E5BA3F25F /* FlowBridgeShared.framework */;
			productType = "com.apple.product-type.framework";
		};
		DFCC6EA2907D3D52C92FD3EB /* FlowBridgeKeyboard */ = {
			isa = PBXNativeTarget;
			buildConfigurationList = 92A512356F5BC4EF43810717 /* Build configuration list for PBXNativeTarget "FlowBridgeKeyboard" */;
			buildPhases = (
				179375F454928632E526C1C9 /* Sources */,
				8286C55F5FD9FCC699217BFD /* Frameworks */,
			);
			buildRules = (
			);
			dependencies = (
				0FC74148F3F00DAB43320CA2 /* PBXTargetDependency */,
			);
			name = FlowBridgeKeyboard;
			packageProductDependencies = (
			);
			productName = FlowBridgeKeyboard;
			productReference = 748711B42A512CA9A05AA1AC /* FlowBridgeKeyboard.appex */;
			productType = "com.apple.product-type.app-extension";
		};
		E1F566F16D213D9F7B6D9F39 /* FlowBridgeWidgets */ = {
			isa = PBXNativeTarget;
			buildConfigurationList = E9427D78916EA2B9A3DBB249 /* Build configuration list for PBXNativeTarget "FlowBridgeWidgets" */;
			buildPhases = (
				7A18D7F43715170466EA68E6 /* Sources */,
				2979E1379E52047F2158354B /* Frameworks */,
			);
			buildRules = (
			);
			dependencies = (
				5A9D909561263435CA3B80C0 /* PBXTargetDependency */,
			);
			name = FlowBridgeWidgets;
			packageProductDependencies = (
			);
			productName = FlowBridgeWidgets;
			productReference = 0A8C4B90E768974917B97D9E /* FlowBridgeWidgets.appex */;
			productType = "com.apple.product-type.app-extension";
		};
/* End PBXNativeTarget section */

/* Begin PBXProject section */
		9B9B6CF5C049CE7F2FA12FD0 /* Project object */ = {
			isa = PBXProject;
			attributes = {
				BuildIndependentTargetsInParallel = YES;
				LastUpgradeCheck = 1430;
				TargetAttributes = {
					0D39C4A65F96B265B3705C68 = {
						DevelopmentTeam = U4V6QDV8A5;
						ProvisioningStyle = Automatic;
					};
					36681D2C1F7E6CA0DED629C6 = {
						DevelopmentTeam = U4V6QDV8A5;
						ProvisioningStyle = Automatic;
					};
					63E48A33DDBE6E5CCE1AF77C = {
						DevelopmentTeam = U4V6QDV8A5;
						ProvisioningStyle = Automatic;
					};
					700D60A100CEFCE59AFAEE94 = {
						DevelopmentTeam = U4V6QDV8A5;
						ProvisioningStyle = Automatic;
					};
					DFCC6EA2907D3D52C92FD3EB = {
						DevelopmentTeam = U4V6QDV8A5;
						ProvisioningStyle = Automatic;
					};
					E1F566F16D213D9F7B6D9F39 = {
						DevelopmentTeam = U4V6QDV8A5;
						ProvisioningStyle = Automatic;
					};
				};
			};
			buildConfigurationList = 0A804B2CEC0D1DD43FF5B652 /* Build configuration list for PBXProject "FlowBridge" */;
			developmentRegion = en;
			hasScannedForEncodings = 0;
			knownRegions = (
				Base,
				en,
			);
			mainGroup = BE0177806B6D9D7A6CBED163;
			minimizedProjectReferenceProxies = 1;
			packageReferences = (
				107D2EAB8A53694A37DE30B2 /* XCRemoteSwiftPackageReference "argmax-oss-swift" */,
			);
			preferredProjectObjectVersion = 77;
			productRefGroup = 3088F17D38E9E0E41A73C3D7 /* Products */;
			projectDirPath = "";
			projectRoot = "";
			targets = (
				0D39C4A65F96B265B3705C68 /* FlowBridgeApp */,
				DFCC6EA2907D3D52C92FD3EB /* FlowBridgeKeyboard */,
				63E48A33DDBE6E5CCE1AF77C /* FlowBridgeShareExtension */,
				700D60A100CEFCE59AFAEE94 /* FlowBridgeShared */,
				36681D2C1F7E6CA0DED629C6 /* FlowBridgeSharedTests */,
				E1F566F16D213D9F7B6D9F39 /* FlowBridgeWidgets */,
			);
		};
/* End PBXProject section */

/* Begin PBXResourcesBuildPhase section */
		B2091B131AC01DC037CCA924 /* Resources */ = {
			isa = PBXResourcesBuildPhase;
			buildActionMask = 2147483647;
			files = (
				964C871B86048558F7493799 /* Assets.xcassets in Resources */,
				917C2F64D051D80B548FA66B /* Benchmark in Resources */,
				DAB66618C44EE1C8CFA3E83E /* WhisperModels in Resources */,
			);
			runOnlyForDeploymentPostprocessing = 0;
		};
/* End PBXResourcesBuildPhase section */

/* Begin PBXSourcesBuildPhase section */
		179375F454928632E526C1C9 /* Sources */ = {
			isa = PBXSourcesBuildPhase;
			buildActionMask = 2147483647;
			files = (
				081FA5C1D34A98F5283614F9 /* KeyboardViewController.swift in Sources */,
			);
			runOnlyForDeploymentPostprocessing = 0;
		};
		589DF40BFE669BC10E2896CC /* Sources */ = {
			isa = PBXSourcesBuildPhase;
			buildActionMask = 2147483647;
			files = (
				A4A02AACCB81EE23CC7B56E5 /* AudioSafetyBuffer.swift in Sources */,
				697E740D4747EF049178D365 /* CloudGate.swift in Sources */,
				0E4B77221AD7F3E263122A21 /* DarwinNotifier.swift in Sources */,
				F50A90548C5BCCBE4E7D2B98 /* DictationActivityAttributes.swift in Sources */,
				7B56073779F0ABDD0765080E /* DictationCommandHub.swift in Sources */,
				F9FD85C69C97E622EA1D4AB0 /* DictationStatsStore.swift in Sources */,
				8FC10AE539C765251A26314C /* DictationTextNormalizer.swift in Sources */,
				2C47274F120E8031AF924D0F /* FlowBridgeConstants.swift in Sources */,
				BD9AD1178F3B6F47A9EAA812 /* FlowBridgeError.swift in Sources */,
				AD0A1B871C7F946EAB86F205 /* FlowBridgeTheme.swift in Sources */,
				7AE15868C09DEC446AA8F018 /* LiveTranscriptStore.swift in Sources */,
				0BB002587B4667A395F887CF /* NetworkGuard.swift in Sources */,
				95BE94A5859002168A2BA040 /* PendingCommandStore.swift in Sources */,
				07C0BE46F639764371503D96 /* QueuedAudioStore.swift in Sources */,
				BCABA4B3C0EED74B8E1B0806 /* SharedContainer.swift in Sources */,
				D5AD821FDA3ACC7143536FA4 /* ToneContext.swift in Sources */,
				09F4684AAA12F2FBAFB8DAD5 /* TranscriptHistoryStore.swift in Sources */,
				05E5BFCE4048D77AED936ADA /* TranscriptRecord.swift in Sources */,
				BA4B572DAC67E0A46383D35A /* TranscriptStore.swift in Sources */,
				93FE8D73A17602DB35A7B2EB /* VocabularyStore.swift in Sources */,
				588B2660A8DB1D2B3FA73835 /* VoiceCommandProcessor.swift in Sources */,
				C95F48E9A8AB9B09DED25164 /* WERCalculator.swift in Sources */,
			);
			runOnlyForDeploymentPostprocessing = 0;
		};
		7A18D7F43715170466EA68E6 /* Sources */ = {
			isa = PBXSourcesBuildPhase;
			buildActionMask = 2147483647;
			files = (
				9AABBC088A4A9ACDBDD1F76D /* DictationControlWidget.swift in Sources */,
				2CF22AC13D3C771DBEC0BCAA /* DictationIntents.swift in Sources */,
				746430C46F885BB1099C6AA8 /* DictationLiveActivity.swift in Sources */,
				63980C454E8084B5691C433C /* FlowBridgeHomeWidget.swift in Sources */,
				149F7D31E87FFAC860C6D73A /* FlowBridgeWidgetsBundle.swift in Sources */,
				48028981C23CD471395406A3 /* FlowWaveShape.swift in Sources */,
				651103041D4F142E353CC2D3 /* WaveformBarsView.swift in Sources */,
			);
			runOnlyForDeploymentPostprocessing = 0;
		};
		9B5888C4F76ED9C13FCABC2D /* Sources */ = {
			isa = PBXSourcesBuildPhase;
			buildActionMask = 2147483647;
			files = (
				E6D4FFBB36D53CF49FB78B71 /* AppDelegate.swift in Sources */,
				07CCA9F81D7197AA5DDA56FD /* AppleSpeechEngine.swift in Sources */,
				221F2651F56146C26642D27D /* AudioFileDurationReader.swift in Sources */,
				F9C2FD8E06BB127E1FCF6DCB /* AudioLevelMeter.swift in Sources */,
				CCF4E472E4936758B80327BC /* BenchmarkHarness.swift in Sources */,
				E8A88E8B08D11A406320A4A3 /* CloudCredentialsStore.swift in Sources */,
				DA7E2C96F15E6F415BA74090 /* CloudScribeClient.swift in Sources */,
				CD9AC5643DEF7BB49E44504D /* CloudScribeRealtimeEngine.swift in Sources */,
				43EB0A4CFD7AF3BF23EF18C0 /* ContentView.swift in Sources */,
				75D6BB2C2467815993B835AF /* DiagnosticsLog.swift in Sources */,
				AFBFD21CFF2D7FA6C103754C /* DictationActivityController.swift in Sources */,
				CAA70CD3D9D85281B59B58D9 /* DictationIntents.swift in Sources */,
				D6A654878740388373DFBA59 /* EngineSelection.swift in Sources */,
				D7EB2CF5E837AC8B5D28B3F6 /* FinalPassService.swift in Sources */,
				0EB9CBD54D1AF6CAF867563D /* FlowBridgeApp.swift in Sources */,
				52C34B7F588061303A75F48D /* FlowBridgeCoordinator.swift in Sources */,
				ADD0AE1EB217B3651350548F /* FlowBridgeRecorder.swift in Sources */,
				999BACAB4D05BE04FD9C1B22 /* FlowMotion.swift in Sources */,
				F34DA90AFBC3967418CDE403 /* FlowTheme.swift in Sources */,
				505177C4735D9AEF193C3D4E /* HapticEngineController.swift in Sources */,
				23C517C51D5E249DD8879ADF /* HapticPlayer.swift in Sources */,
				7BD984A8937758C635E0C8D9 /* HistoryView.swift in Sources */,
				18E35542607A9D79EFEF45DB /* LiveTranscriptView.swift in Sources */,
				6DA5842AAD949471242CFE7D /* OnboardingView.swift in Sources */,
				BBAB4B0787DD7582E009DEB8 /* OrbView.swift in Sources */,
				86A4485F46CF9543559106BA /* PrivacyCockpitView.swift in Sources */,
				07F42114DE32911BB7DAEE37 /* RecapCardView.swift in Sources */,
				C7A96D647040FAD699DA5C34 /* RecordingFeedbackDriver.swift in Sources */,
				B3DF39D25753CD138A2910A6 /* RoomBackground.swift in Sources */,
				CD2D4B9FEE7752AB9D0DE2EF /* SettingsView.swift in Sources */,
				42D4D29B20554986478BE9E8 /* StatsView.swift in Sources */,
				FBCB7F2F784565EAB5469844 /* StreamingTextRenderer.swift in Sources */,
				BAF4CF35D1494B8C92F1DCCD /* ToggleDictationIntent.swift in Sources */,
				F4478743C4F1DD22A939742D /* TranscriptPanelView.swift in Sources */,
				D81DF238E6E32E10F372D3B3 /* TranscriptPolisher.swift in Sources */,
				0D7637319CBB617062508FA6 /* TranscriptStageView.swift in Sources */,
				7C00E195506912F47299B5AB /* TranscriptionEngine.swift in Sources */,
				453C7BBD98950403E6B7C650 /* VocabularySuggester.swift in Sources */,
				924A33B98416C97AF2CDDDEE /* WhisperEngine.swift in Sources */,
				36AB58AA4130E1B3AEBC991A /* WhisperModelLocator.swift in Sources */,
			);
			runOnlyForDeploymentPostprocessing = 0;
		};
		DD57F82000C6A8DCCFBA1791 /* Sources */ = {
			isa = PBXSourcesBuildPhase;
			buildActionMask = 2147483647;
			files = (
				0627519F0831E811DD2B2CC7 /* ShareViewController.swift in Sources */,
			);
			runOnlyForDeploymentPostprocessing = 0;
		};
		F3455934C078209C572AF7DD /* Sources */ = {
			isa = PBXSourcesBuildPhase;
			buildActionMask = 2147483647;
			files = (
				B0417E4A75F0C23C84C86D39 /* AudioSafetyBufferTests.swift in Sources */,
				CCB6AF304FE2CCCA8E254A58 /* DictationDailyStatsTests.swift in Sources */,
				448DA9F4C7777DF83979FBDA /* DictationTextNormalizerTests.swift in Sources */,
				71BDE4A6933C0A7B6D22EE02 /* PendingCommandStoreTests.swift in Sources */,
				482D55BADF4D2AF74392511B /* TranscriptHistoryStoreTests.swift in Sources */,
				90E6C2BB567DF4A4228E3A2E /* TranscriptStoreTests.swift in Sources */,
				4AB4F08AC8930C07253DD6D5 /* VocabularyAndStatsTests.swift in Sources */,
				3763C30C3921BE3890693064 /* VoiceCommandProcessorTests.swift in Sources */,
				34065D46BBC44137BFCBD942 /* WERCalculatorTests.swift in Sources */,
			);
			runOnlyForDeploymentPostprocessing = 0;
		};
/* End PBXSourcesBuildPhase section */

/* Begin PBXTargetDependency section */
		0DDBE85E0D991DAC5644B119 /* PBXTargetDependency */ = {
			isa = PBXTargetDependency;
			target = 700D60A100CEFCE59AFAEE94 /* FlowBridgeShared */;
			targetProxy = A1FB3096B5121B3788B9F434 /* PBXContainerItemProxy */;
		};
		0FC74148F3F00DAB43320CA2 /* PBXTargetDependency */ = {
			isa = PBXTargetDependency;
			target = 700D60A100CEFCE59AFAEE94 /* FlowBridgeShared */;
			targetProxy = 645E62369D6859B804A7562A /* PBXContainerItemProxy */;
		};
		1EDB5166B2E666317FF78C1D /* PBXTargetDependency */ = {
			isa = PBXTargetDependency;
			target = 700D60A100CEFCE59AFAEE94 /* FlowBridgeShared */;
			targetProxy = 79B8B49A2CE80192BA0BDDBD /* PBXContainerItemProxy */;
		};
		5A9D909561263435CA3B80C0 /* PBXTargetDependency */ = {
			isa = PBXTargetDependency;
			target = 700D60A100CEFCE59AFAEE94 /* FlowBridgeShared */;
			targetProxy = F8256789D179264F431CF3CC /* PBXContainerItemProxy */;
		};
		6766C6FC3C1FF92C4F792DD4 /* PBXTargetDependency */ = {
			isa = PBXTargetDependency;
			target = 700D60A100CEFCE59AFAEE94 /* FlowBridgeShared */;
			targetProxy = F6FAB3AFC9B9DBA8BC7AFFFE /* PBXContainerItemProxy */;
		};
		943EB742B1324F9593604880 /* PBXTargetDependency */ = {
			isa = PBXTargetDependency;
			target = 63E48A33DDBE6E5CCE1AF77C /* FlowBridgeShareExtension */;
			targetProxy = BC0EE71DDFACE3C7015D71BC /* PBXContainerItemProxy */;
		};
		A0FFA0ED1BBF7CE1E1CBDE9A /* PBXTargetDependency */ = {
			isa = PBXTargetDependency;
			target = DFCC6EA2907D3D52C92FD3EB /* FlowBridgeKeyboard */;
			targetProxy = FE5D067569D66A8E81AC53CA /* PBXContainerItemProxy */;
		};
		B8363570823B03723C8C25C1 /* PBXTargetDependency */ = {
			isa = PBXTargetDependency;
			target = E1F566F16D213D9F7B6D9F39 /* FlowBridgeWidgets */;
			targetProxy = 41C6B501288316FD3D976408 /* PBXContainerItemProxy */;
		};
/* End PBXTargetDependency section */

/* Begin XCBuildConfiguration section */
		03AD1B71A01F9A372060FC42 /* Debug */ = {
			isa = XCBuildConfiguration;
			buildSettings = {
				APPLICATION_EXTENSION_API_ONLY = YES;
				CODE_SIGN_IDENTITY = "";
				CURRENT_PROJECT_VERSION = 1;
				DEFINES_MODULE = YES;
				DYLIB_COMPATIBILITY_VERSION = 1;
				DYLIB_CURRENT_VERSION = 1;
				DYLIB_INSTALL_NAME_BASE = "@rpath";
				GENERATE_INFOPLIST_FILE = YES;
				INSTALL_PATH = "$(LOCAL_LIBRARY_DIR)/Frameworks";
				LD_RUNPATH_SEARCH_PATHS = (
					"$(inherited)",
					"@executable_path/Frameworks",
				);
				PRODUCT_BUNDLE_IDENTIFIER = com.marcomilanello.flowbridge.shared;
				SDKROOT = iphoneos;
				SKIP_INSTALL = YES;
				TARGETED_DEVICE_FAMILY = "1,2";
				VERSIONING_SYSTEM = "apple-generic";
			};
			name = Debug;
		};
		03F0CA6B3DF3C00FF6CC5437 /* Release */ = {
			isa = XCBuildConfiguration;
			buildSettings = {
				ASSETCATALOG_COMPILER_APPICON_NAME = AppIcon;
				ASSETCATALOG_COMPILER_GLOBAL_ACCENT_COLOR_NAME = AccentColor;
				CODE_SIGN_ENTITLEMENTS = Entitlements/FlowBridgeApp.entitlements;
				CODE_SIGN_IDENTITY = "iPhone Developer";
				INFOPLIST_FILE = "Configuration/FlowBridgeApp-Info.plist";
				LD_RUNPATH_SEARCH_PATHS = (
					"$(inherited)",
					"@executable_path/Frameworks",
				);
				PRODUCT_BUNDLE_IDENTIFIER = com.marcomilanello.flowbridge;
				SDKROOT = iphoneos;
				TARGETED_DEVICE_FAMILY = "1,2";
			};
			name = Release;
		};
		38703F87B88D2BE1053AF29E /* Debug */ = {
			isa = XCBuildConfiguration;
			buildSettings = {
				ALWAYS_SEARCH_USER_PATHS = NO;
				CLANG_ANALYZER_NONNULL = YES;
				CLANG_ANALYZER_NUMBER_OBJECT_CONVERSION = YES_AGGRESSIVE;
				CLANG_CXX_LANGUAGE_STANDARD = "gnu++14";
				CLANG_CXX_LIBRARY = "libc++";
				CLANG_ENABLE_MODULES = YES;
				CLANG_ENABLE_OBJC_ARC = YES;
				CLANG_ENABLE_OBJC_WEAK = YES;
				CLANG_WARN_BLOCK_CAPTURE_AUTORELEASING = YES;
				CLANG_WARN_BOOL_CONVERSION = YES;
				CLANG_WARN_COMMA = YES;
				CLANG_WARN_CONSTANT_CONVERSION = YES;
				CLANG_WARN_DEPRECATED_OBJC_IMPLEMENTATIONS = YES;
				CLANG_WARN_DIRECT_OBJC_ISA_USAGE = YES_ERROR;
				CLANG_WARN_DOCUMENTATION_COMMENTS = YES;
				CLANG_WARN_EMPTY_BODY = YES;
				CLANG_WARN_ENUM_CONVERSION = YES;
				CLANG_WARN_INFINITE_RECURSION = YES;
				CLANG_WARN_INT_CONVERSION = YES;
				CLANG_WARN_NON_LITERAL_NULL_CONVERSION = YES;
				CLANG_WARN_OBJC_IMPLICIT_RETAIN_SELF = YES;
				CLANG_WARN_OBJC_LITERAL_CONVERSION = YES;
				CLANG_WARN_OBJC_ROOT_CLASS = YES_ERROR;
				CLANG_WARN_QUOTED_INCLUDE_IN_FRAMEWORK_HEADER = YES;
				CLANG_WARN_RANGE_LOOP_ANALYSIS = YES;
				CLANG_WARN_STRICT_PROTOTYPES = YES;
				CLANG_WARN_SUSPICIOUS_MOVE = YES;
				CLANG_WARN_UNGUARDED_AVAILABILITY = YES_AGGRESSIVE;
				CLANG_WARN_UNREACHABLE_CODE = YES;
				CLANG_WARN__DUPLICATE_METHOD_MATCH = YES;
				CODE_SIGN_STYLE = Automatic;
				COPY_PHASE_STRIP = NO;
				CURRENT_PROJECT_VERSION = 1;
				DEBUG_INFORMATION_FORMAT = dwarf;
				DEVELOPMENT_TEAM = U4V6QDV8A5;
				ENABLE_STRICT_OBJC_MSGSEND = YES;
				ENABLE_TESTABILITY = YES;
				ENABLE_USER_SCRIPT_SANDBOXING = YES;
				GCC_C_LANGUAGE_STANDARD = gnu11;
				GCC_DYNAMIC_NO_PIC = NO;
				GCC_NO_COMMON_BLOCKS = YES;
				GCC_OPTIMIZATION_LEVEL = 0;
				GCC_PREPROCESSOR_DEFINITIONS = (
					"$(inherited)",
					"DEBUG=1",
				);
				GCC_WARN_64_TO_32_BIT_CONVERSION = YES;
				GCC_WARN_ABOUT_RETURN_TYPE = YES_ERROR;
				GCC_WARN_UNDECLARED_SELECTOR = YES;
				GCC_WARN_UNINITIALIZED_AUTOS = YES_AGGRESSIVE;
				GCC_WARN_UNUSED_FUNCTION = YES;
				GCC_WARN_UNUSED_VARIABLE = YES;
				IPHONEOS_DEPLOYMENT_TARGET = 26.0;
				MARKETING_VERSION = 1.0;
				MTL_ENABLE_DEBUG_INFO = INCLUDE_SOURCE;
				MTL_FAST_MATH = YES;
				ONLY_ACTIVE_ARCH = YES;
				PRODUCT_NAME = "$(TARGET_NAME)";
				SDKROOT = iphoneos;
				SWIFT_ACTIVE_COMPILATION_CONDITIONS = DEBUG;
				SWIFT_OPTIMIZATION_LEVEL = "-Onone";
				SWIFT_VERSION = 6.0;
			};
			name = Debug;
		};
		443D034CD6AC438E204145FB /* Release */ = {
			isa = XCBuildConfiguration;
			buildSettings = {
				ALWAYS_SEARCH_USER_PATHS = NO;
				CLANG_ANALYZER_NONNULL = YES;
				CLANG_ANALYZER_NUMBER_OBJECT_CONVERSION = YES_AGGRESSIVE;
				CLANG_CXX_LANGUAGE_STANDARD = "gnu++14";
				CLANG_CXX_LIBRARY = "libc++";
				CLANG_ENABLE_MODULES = YES;
				CLANG_ENABLE_OBJC_ARC = YES;
				CLANG_ENABLE_OBJC_WEAK = YES;
				CLANG_WARN_BLOCK_CAPTURE_AUTORELEASING = YES;
				CLANG_WARN_BOOL_CONVERSION = YES;
				CLANG_WARN_COMMA = YES;
				CLANG_WARN_CONSTANT_CONVERSION = YES;
				CLANG_WARN_DEPRECATED_OBJC_IMPLEMENTATIONS = YES;
				CLANG_WARN_DIRECT_OBJC_ISA_USAGE = YES_ERROR;
				CLANG_WARN_DOCUMENTATION_COMMENTS = YES;
				CLANG_WARN_EMPTY_BODY = YES;
				CLANG_WARN_ENUM_CONVERSION = YES;
				CLANG_WARN_INFINITE_RECURSION = YES;
				CLANG_WARN_INT_CONVERSION = YES;
				CLANG_WARN_NON_LITERAL_NULL_CONVERSION = YES;
				CLANG_WARN_OBJC_IMPLICIT_RETAIN_SELF = YES;
				CLANG_WARN_OBJC_LITERAL_CONVERSION = YES;
				CLANG_WARN_OBJC_ROOT_CLASS = YES_ERROR;
				CLANG_WARN_QUOTED_INCLUDE_IN_FRAMEWORK_HEADER = YES;
				CLANG_WARN_RANGE_LOOP_ANALYSIS = YES;
				CLANG_WARN_STRICT_PROTOTYPES = YES;
				CLANG_WARN_SUSPICIOUS_MOVE = YES;
				CLANG_WARN_UNGUARDED_AVAILABILITY = YES_AGGRESSIVE;
				CLANG_WARN_UNREACHABLE_CODE = YES;
				CLANG_WARN__DUPLICATE_METHOD_MATCH = YES;
				CODE_SIGN_STYLE = Automatic;
				COPY_PHASE_STRIP = NO;
				CURRENT_PROJECT_VERSION = 1;
				DEBUG_INFORMATION_FORMAT = "dwarf-with-dsym";
				DEVELOPMENT_TEAM = U4V6QDV8A5;
				ENABLE_NS_ASSERTIONS = NO;
				ENABLE_STRICT_OBJC_MSGSEND = YES;
				ENABLE_USER_SCRIPT_SANDBOXING = YES;
				GCC_C_LANGUAGE_STANDARD = gnu11;
				GCC_NO_COMMON_BLOCKS = YES;
				GCC_WARN_64_TO_32_BIT_CONVERSION = YES;
				GCC_WARN_ABOUT_RETURN_TYPE = YES_ERROR;
				GCC_WARN_UNDECLARED_SELECTOR = YES;
				GCC_WARN_UNINITIALIZED_AUTOS = YES_AGGRESSIVE;
				GCC_WARN_UNUSED_FUNCTION = YES;
				GCC_WARN_UNUSED_VARIABLE = YES;
				IPHONEOS_DEPLOYMENT_TARGET = 26.0;
				MARKETING_VERSION = 1.0;
				MTL_ENABLE_DEBUG_INFO = NO;
				MTL_FAST_MATH = YES;
				PRODUCT_NAME = "$(TARGET_NAME)";
				SDKROOT = iphoneos;
				SWIFT_COMPILATION_MODE = wholemodule;
				SWIFT_OPTIMIZATION_LEVEL = "-O";
				SWIFT_VERSION = 6.0;
			};
			name = Release;
		};
		5D4347F803A9DC357BB18E5B /* Release */ = {
			isa = XCBuildConfiguration;
			buildSettings = {
				CODE_SIGN_ENTITLEMENTS = Entitlements/FlowBridgeShareExtension.entitlements;
				INFOPLIST_FILE = "Configuration/FlowBridgeShareExtension-Info.plist";
				LD_RUNPATH_SEARCH_PATHS = (
					"$(inherited)",
					"@executable_path/Frameworks",
					"@executable_path/../../Frameworks",
				);
				PRODUCT_BUNDLE_IDENTIFIER = com.marcomilanello.flowbridge.share;
				SDKROOT = iphoneos;
				TARGETED_DEVICE_FAMILY = "1,2";
			};
			name = Release;
		};
		9190F49CAFF56E30986D0153 /* Debug */ = {
			isa = XCBuildConfiguration;
			buildSettings = {
				CODE_SIGN_ENTITLEMENTS = Entitlements/FlowBridgeWidgets.entitlements;
				INFOPLIST_FILE = "Configuration/FlowBridgeWidgets-Info.plist";
				LD_RUNPATH_SEARCH_PATHS = (
					"$(inherited)",
					"@executable_path/Frameworks",
					"@executable_path/../../Frameworks",
				);
				PRODUCT_BUNDLE_IDENTIFIER = com.marcomilanello.flowbridge.widgets;
				SDKROOT = iphoneos;
				SWIFT_ACTIVE_COMPILATION_CONDITIONS = "$(inherited) FLOWBRIDGE_EXTENSION";
				TARGETED_DEVICE_FAMILY = "1,2";
			};
			name = Debug;
		};
		9B35600E06E1E631C6A20860 /* Debug */ = {
			isa = XCBuildConfiguration;
			buildSettings = {
				BUNDLE_LOADER = "$(TEST_HOST)";
				LD_RUNPATH_SEARCH_PATHS = (
					"$(inherited)",
					"@executable_path/Frameworks",
					"@loader_path/Frameworks",
				);
				PRODUCT_BUNDLE_IDENTIFIER = com.marcomilanello.FlowBridgeSharedTests;
				SDKROOT = iphoneos;
				TARGETED_DEVICE_FAMILY = "1,2";
			};
			name = Debug;
		};
		A197D3D16BED9426586E913A /* Debug */ = {
			isa = XCBuildConfiguration;
			buildSettings = {
				ASSETCATALOG_COMPILER_APPICON_NAME = AppIcon;
				ASSETCATALOG_COMPILER_GLOBAL_ACCENT_COLOR_NAME = AccentColor;
				CODE_SIGN_ENTITLEMENTS = Entitlements/FlowBridgeApp.entitlements;
				CODE_SIGN_IDENTITY = "iPhone Developer";
				INFOPLIST_FILE = "Configuration/FlowBridgeApp-Info.plist";
				LD_RUNPATH_SEARCH_PATHS = (
					"$(inherited)",
					"@executable_path/Frameworks",
				);
				PRODUCT_BUNDLE_IDENTIFIER = com.marcomilanello.flowbridge;
				SDKROOT = iphoneos;
				TARGETED_DEVICE_FAMILY = "1,2";
			};
			name = Debug;
		};
		A7C2D9F01DFE65AA7845A1BE /* Release */ = {
			isa = XCBuildConfiguration;
			buildSettings = {
				BUNDLE_LOADER = "$(TEST_HOST)";
				LD_RUNPATH_SEARCH_PATHS = (
					"$(inherited)",
					"@executable_path/Frameworks",
					"@loader_path/Frameworks",
				);
				PRODUCT_BUNDLE_IDENTIFIER = com.marcomilanello.FlowBridgeSharedTests;
				SDKROOT = iphoneos;
				TARGETED_DEVICE_FAMILY = "1,2";
			};
			name = Release;
		};
		E2CD84B87FD6BBA6F97F662E /* Release */ = {
			isa = XCBuildConfiguration;
			buildSettings = {
				APPLICATION_EXTENSION_API_ONLY = YES;
				CODE_SIGN_IDENTITY = "";
				CURRENT_PROJECT_VERSION = 1;
				DEFINES_MODULE = YES;
				DYLIB_COMPATIBILITY_VERSION = 1;
				DYLIB_CURRENT_VERSION = 1;
				DYLIB_INSTALL_NAME_BASE = "@rpath";
				GENERATE_INFOPLIST_FILE = YES;
				INSTALL_PATH = "$(LOCAL_LIBRARY_DIR)/Frameworks";
				LD_RUNPATH_SEARCH_PATHS = (
					"$(inherited)",
					"@executable_path/Frameworks",
				);
				PRODUCT_BUNDLE_IDENTIFIER = com.marcomilanello.flowbridge.shared;
				SDKROOT = iphoneos;
				SKIP_INSTALL = YES;
				TARGETED_DEVICE_FAMILY = "1,2";
				VERSIONING_SYSTEM = "apple-generic";
			};
			name = Release;
		};
		EC89CFF8972E9A4C4B2C1CD1 /* Debug */ = {
			isa = XCBuildConfiguration;
			buildSettings = {
				CODE_SIGN_ENTITLEMENTS = Entitlements/FlowBridgeKeyboard.entitlements;
				INFOPLIST_FILE = "Configuration/FlowBridgeKeyboard-Info.plist";
				LD_RUNPATH_SEARCH_PATHS = (
					"$(inherited)",
					"@executable_path/Frameworks",
					"@executable_path/../../Frameworks",
				);
				PRODUCT_BUNDLE_IDENTIFIER = com.marcomilanello.flowbridge.keyboard;
				SDKROOT = iphoneos;
				TARGETED_DEVICE_FAMILY = "1,2";
			};
			name = Debug;
		};
		EE38BA087BD643A3D6FA6A74 /* Release */ = {
			isa = XCBuildConfiguration;
			buildSettings = {
				CODE_SIGN_ENTITLEMENTS = Entitlements/FlowBridgeKeyboard.entitlements;
				INFOPLIST_FILE = "Configuration/FlowBridgeKeyboard-Info.plist";
				LD_RUNPATH_SEARCH_PATHS = (
					"$(inherited)",
					"@executable_path/Frameworks",
					"@executable_path/../../Frameworks",
				);
				PRODUCT_BUNDLE_IDENTIFIER = com.marcomilanello.flowbridge.keyboard;
				SDKROOT = iphoneos;
				TARGETED_DEVICE_FAMILY = "1,2";
			};
			name = Release;
		};
		FC83ADF31B6A4F073A3A206D /* Debug */ = {
			isa = XCBuildConfiguration;
			buildSettings = {
				CODE_SIGN_ENTITLEMENTS = Entitlements/FlowBridgeShareExtension.entitlements;
				INFOPLIST_FILE = "Configuration/FlowBridgeShareExtension-Info.plist";
				LD_RUNPATH_SEARCH_PATHS = (
					"$(inherited)",
					"@executable_path/Frameworks",
					"@executable_path/../../Frameworks",
				);
				PRODUCT_BUNDLE_IDENTIFIER = com.marcomilanello.flowbridge.share;
				SDKROOT = iphoneos;
				TARGETED_DEVICE_FAMILY = "1,2";
			};
			name = Debug;
		};
		FDF39C5AA2D32C847F63C0C8 /* Release */ = {
			isa = XCBuildConfiguration;
			buildSettings = {
				CODE_SIGN_ENTITLEMENTS = Entitlements/FlowBridgeWidgets.entitlements;
				INFOPLIST_FILE = "Configuration/FlowBridgeWidgets-Info.plist";
				LD_RUNPATH_SEARCH_PATHS = (
					"$(inherited)",
					"@executable_path/Frameworks",
					"@executable_path/../../Frameworks",
				);
				PRODUCT_BUNDLE_IDENTIFIER = com.marcomilanello.flowbridge.widgets;
				SDKROOT = iphoneos;
				SWIFT_ACTIVE_COMPILATION_CONDITIONS = "$(inherited) FLOWBRIDGE_EXTENSION";
				TARGETED_DEVICE_FAMILY = "1,2";
			};
			name = Release;
		};
/* End XCBuildConfiguration section */

/* Begin XCConfigurationList section */
		0A804B2CEC0D1DD43FF5B652 /* Build configuration list for PBXProject "FlowBridge" */ = {
			isa = XCConfigurationList;
			buildConfigurations = (
				38703F87B88D2BE1053AF29E /* Debug */,
				443D034CD6AC438E204145FB /* Release */,
			);
			defaultConfigurationIsVisible = 0;
			defaultConfigurationName = Debug;
		};
		3DC375BFAF28FD55ADC6B57A /* Build configuration list for PBXNativeTarget "FlowBridgeShared" */ = {
			isa = XCConfigurationList;
			buildConfigurations = (
				03AD1B71A01F9A372060FC42 /* Debug */,
				E2CD84B87FD6BBA6F97F662E /* Release */,
			);
			defaultConfigurationIsVisible = 0;
			defaultConfigurationName = Debug;
		};
		747F88A81B07FE6005391E2E /* Build configuration list for PBXNativeTarget "FlowBridgeSharedTests" */ = {
			isa = XCConfigurationList;
			buildConfigurations = (
				9B35600E06E1E631C6A20860 /* Debug */,
				A7C2D9F01DFE65AA7845A1BE /* Release */,
			);
			defaultConfigurationIsVisible = 0;
			defaultConfigurationName = Debug;
		};
		92A512356F5BC4EF43810717 /* Build configuration list for PBXNativeTarget "FlowBridgeKeyboard" */ = {
			isa = XCConfigurationList;
			buildConfigurations = (
				EC89CFF8972E9A4C4B2C1CD1 /* Debug */,
				EE38BA087BD643A3D6FA6A74 /* Release */,
			);
			defaultConfigurationIsVisible = 0;
			defaultConfigurationName = Debug;
		};
		DE95FBCC2AB0003D980F34DE /* Build configuration list for PBXNativeTarget "FlowBridgeShareExtension" */ = {
			isa = XCConfigurationList;
			buildConfigurations = (
				FC83ADF31B6A4F073A3A206D /* Debug */,
				5D4347F803A9DC357BB18E5B /* Release */,
			);
			defaultConfigurationIsVisible = 0;
			defaultConfigurationName = Debug;
		};
		E3CCC5607A408596F3F38742 /* Build configuration list for PBXNativeTarget "FlowBridgeApp" */ = {
			isa = XCConfigurationList;
			buildConfigurations = (
				A197D3D16BED9426586E913A /* Debug */,
				03F0CA6B3DF3C00FF6CC5437 /* Release */,
			);
			defaultConfigurationIsVisible = 0;
			defaultConfigurationName = Debug;
		};
		E9427D78916EA2B9A3DBB249 /* Build configuration list for PBXNativeTarget "FlowBridgeWidgets" */ = {
			isa = XCConfigurationList;
			buildConfigurations = (
				9190F49CAFF56E30986D0153 /* Debug */,
				FDF39C5AA2D32C847F63C0C8 /* Release */,
			);
			defaultConfigurationIsVisible = 0;
			defaultConfigurationName = Debug;
		};
/* End XCConfigurationList section */

/* Begin XCRemoteSwiftPackageReference section */
		107D2EAB8A53694A37DE30B2 /* XCRemoteSwiftPackageReference "argmax-oss-swift" */ = {
			isa = XCRemoteSwiftPackageReference;
			repositoryURL = "https://github.com/argmaxinc/argmax-oss-swift.git";
			requirement = {
				kind = upToNextMajorVersion;
				minimumVersion = 1.0.0;
			};
		};
/* End XCRemoteSwiftPackageReference section */

/* Begin XCSwiftPackageProductDependency section */
		8E6AB7B92651395A03A424E8 /* WhisperKit */ = {
			isa = XCSwiftPackageProductDependency;
			package = 107D2EAB8A53694A37DE30B2 /* XCRemoteSwiftPackageReference "argmax-oss-swift" */;
			productName = WhisperKit;
		};
/* End XCSwiftPackageProductDependency section */
	};
	rootObject = 9B9B6CF5C049CE7F2FA12FD0 /* Project object */;
}
